Microsoft Visual Studio Solution File, Format Version 12.00
# Visual Studio Version 16
VisualStudioVersion = 16.0.30523.141
MinimumVisualStudioVersion = 10.0.40219.1
Project("{2150E333-8FDC-42A3-9474-1A3956D46DE8}") = "deps", "deps", "{9C131B9B-50BB-46A6-A332-F16D67769AF6}"
EndProject
Project("{2150E333-8FDC-42A3-9474-1A3956D46DE8}") = "src", "src", "{2CD5E11B-3C61-40D4-939C-FC616F2DAC7B}"
EndProject
Project("{2150E333-8FDC-42A3-9474-1A3956D46DE8}") = "test", "test", "{9D0B77E5-75A7-4DDD-9C4B-2BB058426E0F}"
EndProject
Project("{9A19103F-16F7-4668-BE54-9A1E7A4F7556}") = "Nuqleon.Memory", "..\Nuqleon\Core\BCL\Nuqleon.Memory\Nuqleon.Memory.csproj", "{1703C30E-CD77-462D-8CBD-B6BBE77BA8BD}"
EndProject
Project("{9A19103F-16F7-4668-BE54-9A1E7A4F7556}") = "Nuqleon.Reflection.Virtualization", "..\Nuqleon\Core\BCL\Nuqleon.Reflection.Virtualization\Nuqleon.Reflection.Virtualization.csproj", "{948EBB89-18E3-432C-AAAC-A0CB37ABE0CD}"
EndProject
Project("{9A19103F-16F7-4668-BE54-9A1E7A4F7556}") = "Nuqleon.Time", "..\Nuqleon\Core\BCL\Nuqleon.Time\Nuqleon.Time.csproj", "{1518F919-288C-491E-A40C-F68CD77CBA3A}"
EndProject
Project("{9A19103F-16F7-4668-BE54-9A1E7A4F7556}") = "Nuqleon.Linq.CompilerServices", "..\Nuqleon\Core\LINQ\Nuqleon.Linq.CompilerServices\Nuqleon.Linq.CompilerServices.csproj", "{816F0BF1-DD85-4481-B5B4-DD1962A85EC0}"
EndProject
Project("{9A19103F-16F7-4668-BE54-9A1E7A4F7556}") = "Reaqtive.Core", "Core\Reaqtive.Core\Reaqtive.Core.csproj", "{E8CD1200-5F52-47FA-92CA-6DDFAE6E4774}"
EndProject
Project("{9A19103F-16F7-4668-BE54-9A1E7A4F7556}") = "Reaqtive.Interfaces", "Core\Reaqtive.Interfaces\Reaqtive.Interfaces.csproj", "{D34D3384-6AC2-4E47-AD4B-114358EF74D8}"
EndProject
Project("{9A19103F-16F7-4668-BE54-9A1E7A4F7556}") = "Reaqtive.Linq", "Core\Reaqtive.Linq\Reaqtive.Linq.csproj", "{E74A151A-0DDF-4162-8F60-40B457C6084E}"
EndProject
Project("{9A19103F-16F7-4668-BE54-9A1E7A4F7556}") = "Reaqtive.Quotation", "Core\Reaqtive.Quotation\Reaqtive.Quotation.csproj", "{351752EB-9361-4324-8D90-1C4685FCA0D6}"
EndProject
Project("{9A19103F-16F7-4668-BE54-9A1E7A4F7556}") = "Reaqtive.Scheduler", "Core\Reaqtive.Scheduler\Reaqtive.Scheduler.csproj", "{EEABFBB1-F935-4C34-888E-5DDF31C6D30C}"
EndProject
Project("{9A19103F-16F7-4668-BE54-9A1E7A4F7556}") = "Reaqtive.Testing", "Core\Reaqtive.Testing\Reaqtive.Testing.csproj", "{57CE5D61-3D43-407C-9144-BB869891DF22}"
EndProject
Project("{9A19103F-16F7-4668-BE54-9A1E7A4F7556}") = "Reaqtive.TestingFramework", "Core\Reaqtive.TestingFramework\Reaqtive.TestingFramework.csproj", "{EB5C9A1F-6B17-452E-A0CD-EDD0FD352440}"
EndProject
Project("{9A19103F-16F7-4668-BE54-9A1E7A4F7556}") = "Tests.Reaqtive.Core", "Core\Tests.Reaqtive.Core\Tests.Reaqtive.Core.csproj", "{E3AFB6EF-A020-4D96-A12B-E6D9F0B29A44}"
EndProject
Project("{9A19103F-16F7-4668-BE54-9A1E7A4F7556}") = "Tests.Reaqtive.Linq", "Core\Tests.Reaqtive.Linq\Tests.Reaqtive.Linq.csproj", "{C6919C1C-534B-4807-AAFE-162660F0DD68}"
EndProject
Project("{9A19103F-16F7-4668-BE54-9A1E7A4F7556}") = "Tests.Reaqtive.Quotation", "Core\Tests.Reaqtive.Quotation\Tests.Reaqtive.Quotation.csproj", "{52A327DF-FE3F-4308-8961-5EA811C7E186}"
EndProject
Project("{9A19103F-16F7-4668-BE54-9A1E7A4F7556}") = "Tests.Reaqtive.Scheduler", "Core\Tests.Reaqtive.Scheduler\Tests.Reaqtive.Scheduler.csproj", "{EB06572D-FF91-4A99-A84E-BF72841C6195}"
EndProject
Project("{9A19103F-16F7-4668-BE54-9A1E7A4F7556}") = "Reaqtive.Pearls.Rxcel", "Pearls\Rxcel\Reaqtive.Pearls.Rxcel.csproj", "{BBA890B3-51D3-41FF-B00F-784665F9A81B}"
EndProject
Project("{2150E333-8FDC-42A3-9474-1A3956D46DE8}") = "Nuqleon", "Nuqleon", "{549A1E9F-109A-4980-8C04-D1CAF717C368}"
EndProject
Project("{2150E333-8FDC-42A3-9474-1A3956D46DE8}") = "BCL", "BCL", "{5288222A-536C-451D-899B-937D1180C048}"
EndProject
Project("{2150E333-8FDC-42A3-9474-1A3956D46DE8}") = "LINQ", "LINQ", "{66AA78D0-77A1-408D-B59D-CBB68DD7B8B1}"
EndProject
Project("{2150E333-8FDC-42A3-9474-1A3956D46DE8}") = "Core", "Core", "{970EB269-6568-4AF9-9827-9FDE15B71812}"
EndProject
Project("{2150E333-8FDC-42A3-9474-1A3956D46DE8}") = "Pearls", "Pearls", "{71D37869-B976-40AA-9D2B-626CDD09B420}"
EndProject
Project("{2150E333-8FDC-42A3-9474-1A3956D46DE8}") = "Core", "Core", "{413F7870-AFFA-49FF-B51D-ECBFB8E1A713}"
EndProject
Project("{2150E333-8FDC-42A3-9474-1A3956D46DE8}") = "JSON", "JSON", "{F8F1FDE5-4313-4BDD-A4F8-5493D3165429}"
EndProject
Project("{9A19103F-16F7-4668-BE54-9A1E7A4F7556}") = "Nuqleon.Json", "..\Nuqleon\Core\JSON\Nuqleon.Json\Nuqleon.Json.csproj", "{29DCC5DC-8E74-492F-9425-86DD4EBCAE58}"
EndProject
Project("{9A19103F-16F7-4668-BE54-9A1E7A4F7556}") = "Nuqleon.Linq.Expressions.Bonsai", "..\Nuqleon\Core\LINQ\Nuqleon.Linq.Expressions.Bonsai\Nuqleon.Linq.Expressions.Bonsai.csproj", "{D2D263B4-1931-40DC-B455-38CE91FEF97B}"
EndProject
Project("{9A19103F-16F7-4668-BE54-9A1E7A4F7556}") = "Nuqleon.Linq.Expressions.Bonsai.Serialization", "..\Nuqleon\Core\LINQ\Nuqleon.Linq.Expressions.Bonsai.Serialization\Nuqleon.Linq.Expressions.Bonsai.Serialization.csproj", "{A4A3C29D-25C8-422C-B492-E632972BB48B}"
EndProject
Global
	GlobalSection(SolutionConfigurationPlatforms) = preSolution
		Debug|Any CPU = Debug|Any CPU
		Release|Any CPU = Release|Any CPU
	EndGlobalSection
	GlobalSection(ProjectConfigurationPlatforms) = postSolution
		{1703C30E-CD77-462D-8CBD-B6BBE77BA8BD}.Debug|Any CPU.ActiveCfg = Debug|Any CPU
		{1703C30E-CD77-462D-8CBD-B6BBE77BA8BD}.Debug|Any CPU.Build.0 = Debug|Any CPU
		{1703C30E-CD77-462D-8CBD-B6BBE77BA8BD}.Release|Any CPU.ActiveCfg = Release|Any CPU
		{1703C30E-CD77-462D-8CBD-B6BBE77BA8BD}.Release|Any CPU.Build.0 = Release|Any CPU
		{948EBB89-18E3-432C-AAAC-A0CB37ABE0CD}.Debug|Any CPU.ActiveCfg = Debug|Any CPU
		{948EBB89-18E3-432C-AAAC-A0CB37ABE0CD}.Debug|Any CPU.Build.0 = Debug|Any CPU
		{948EBB89-18E3-432C-AAAC-A0CB37ABE0CD}.Release|Any CPU.ActiveCfg = Release|Any CPU
		{948EBB89-18E3-432C-AAAC-A0CB37ABE0CD}.Release|Any CPU.Build.0 = Release|Any CPU
		{1518F919-288C-491E-A40C-F68CD77CBA3A}.Debug|Any CPU.ActiveCfg = Debug|Any CPU
		{1518F919-288C-491E-A40C-F68CD77CBA3A}.Debug|Any CPU.Build.0 = Debug|Any CPU
		{1518F919-288C-491E-A40C-F68CD77CBA3A}.Release|Any CPU.ActiveCfg = Release|Any CPU
		{1518F919-288C-491E-A40C-F68CD77CBA3A}.Release|Any CPU.Build.0 = Release|Any CPU
		{816F0BF1-DD85-4481-B5B4-DD1962A85EC0}.Debug|Any CPU.ActiveCfg = Debug|Any CPU
		{816F0BF1-DD85-4481-B5B4-DD1962A85EC0}.Debug|Any CPU.Build.0 = Debug|Any CPU
		{816F0BF1-DD85-4481-B5B4-DD1962A85EC0}.Release|Any CPU.ActiveCfg = Release|Any CPU
		{816F0BF1-DD85-4481-B5B4-DD1962A85EC0}.Release|Any CPU.Build.0 = Release|Any CPU
		{E8CD1200-5F52-47FA-92CA-6DDFAE6E4774}.Debug|Any CPU.ActiveCfg = Debug|Any CPU
		{E8CD1200-5F52-47FA-92CA-6DDFAE6E4774}.Debug|Any CPU.Build.0 = Debug|Any CPU
		{E8CD1200-5F52-47FA-92CA-6DDFAE6E4774}.Release|Any CPU.ActiveCfg = Release|Any CPU
		{E8CD1200-5F52-47FA-92CA-6DDFAE6E4774}.Release|Any CPU.Build.0 = Release|Any CPU
		{D34D3384-6AC2-4E47-AD4B-114358EF74D8}.Debug|Any CPU.ActiveCfg = Debug|Any CPU
		{D34D3384-6AC2-4E47-AD4B-114358EF74D8}.Debug|Any CPU.Build.0 = Debug|Any CPU
		{D34D3384-6AC2-4E47-AD4B-114358EF74D8}.Release|Any CPU.ActiveCfg = Release|Any CPU
		{D34D3384-6AC2-4E47-AD4B-114358EF74D8}.Release|Any CPU.Build.0 = Release|Any CPU
		{E74A151A-0DDF-4162-8F60-40B457C6084E}.Debug|Any CPU.ActiveCfg = Debug|Any CPU
		{E74A151A-0DDF-4162-8F60-40B457C6084E}.Debug|Any CPU.Build.0 = Debug|Any CPU
		{E74A151A-0DDF-4162-8F60-40B457C6084E}.Release|Any CPU.ActiveCfg = Release|Any CPU
		{E74A151A-0DDF-4162-8F60-40B457C6084E}.Release|Any CPU.Build.0 = Release|Any CPU
		{351752EB-9361-4324-8D90-1C4685FCA0D6}.Debug|Any CPU.ActiveCfg = Debug|Any CPU
		{351752EB-9361-4324-8D90-1C4685FCA0D6}.Debug|Any CPU.Build.0 = Debug|Any CPU
		{351752EB-9361-4324-8D90-1C4685FCA0D6}.Release|Any CPU.ActiveCfg = Release|Any CPU
		{351752EB-9361-4324-8D90-1C4685FCA0D6}.Release|Any CPU.Build.0 = Release|Any CPU
		{EEABFBB1-F935-4C34-888E-5DDF31C6D30C}.Debug|Any CPU.ActiveCfg = Debug|Any CPU
		{EEABFBB1-F935-4C34-888E-5DDF31C6D30C}.Debug|Any CPU.Build.0 = Debug|Any CPU
		{EEABFBB1-F935-4C34-888E-5DDF31C6D30C}.Release|Any CPU.ActiveCfg = Release|Any CPU
		{EEABFBB1-F935-4C34-888E-5DDF31C6D30C}.Release|Any CPU.Build.0 = Release|Any CPU
		{57CE5D61-3D43-407C-9144-BB869891DF22}.Debug|Any CPU.ActiveCfg = Debug|Any CPU
		{57CE5D61-3D43-407C-9144-BB869891DF22}.Debug|Any CPU.Build.0 = Debug|Any CPU
		{57CE5D61-3D43-407C-9144-BB869891DF22}.Release|Any CPU.ActiveCfg = Release|Any CPU
		{57CE5D61-3D43-407C-9144-BB869891DF22}.Release|Any CPU.Build.0 = Release|Any CPU
		{EB5C9A1F-6B17-452E-A0CD-EDD0FD352440}.Debug|Any CPU.ActiveCfg = Debug|Any CPU
		{EB5C9A1F-6B17-452E-A0CD-EDD0FD352440}.Debug|Any CPU.Build.0 = Debug|Any CPU
		{EB5C9A1F-6B17-452E-A0CD-EDD0FD352440}.Release|Any CPU.ActiveCfg = Release|Any CPU
		{EB5C9A1F-6B17-452E-A0CD-EDD0FD352440}.Release|Any CPU.Build.0 = Release|Any CPU
		{E3AFB6EF-A020-4D96-A12B-E6D9F0B29A44}.Debug|Any CPU.ActiveCfg = Debug|Any CPU
		{E3AFB6EF-A020-4D96-A12B-E6D9F0B29A44}.Debug|Any CPU.Build.0 = Debug|Any CPU
		{E3AFB6EF-A020-4D96-A12B-E6D9F0B29A44}.Release|Any CPU.ActiveCfg = Release|Any CPU
		{E3AFB6EF-A020-4D96-A12B-E6D9F0B29A44}.Release|Any CPU.Build.0 = Release|Any CPU
		{C6919C1C-534B-4807-AAFE-162660F0DD68}.Debug|Any CPU.ActiveCfg = Debug|Any CPU
		{C6919C1C-534B-4807-AAFE-162660F0DD68}.Debug|Any CPU.Build.0 = Debug|Any CPU
		{C6919C1C-534B-4807-AAFE-162660F0DD68}.Release|Any CPU.ActiveCfg = Release|Any CPU
		{C6919C1C-534B-4807-AAFE-162660F0DD68}.Release|Any CPU.Build.0 = Release|Any CPU
		{52A327DF-FE3F-4308-8961-5EA811C7E186}.Debug|Any CPU.ActiveCfg = Debug|Any CPU
		{52A327DF-FE3F-4308-8961-5EA811C7E186}.Debug|Any CPU.Build.0 = Debug|Any CPU
		{52A327DF-FE3F-4308-8961-5EA811C7E186}.Release|Any CPU.ActiveCfg = Release|Any CPU
		{52A327DF-FE3F-4308-8961-5EA811C7E186}.Release|Any CPU.Build.0 = Release|Any CPU
		{EB06572D-FF91-4A99-A84E-BF72841C6195}.Debug|Any CPU.ActiveCfg = Debug|Any CPU
		{EB06572D-FF91-4A99-A84E-BF72841C6195}.Debug|Any CPU.Build.0 = Debug|Any CPU
		{EB06572D-FF91-4A99-A84E-BF72841C6195}.Release|Any CPU.ActiveCfg = Release|Any CPU
		{EB06572D-FF91-4A99-A84E-BF72841C6195}.Release|Any CPU.Build.0 = Release|Any CPU
		{BBA890B3-51D3-41FF-B00F-784665F9A81B}.Debug|Any CPU.ActiveCfg = Debug|Any CPU
		{BBA890B3-51D3-41FF-B00F-784665F9A81B}.Debug|Any CPU.Build.0 = Debug|Any CPU
		{BBA890B3-51D3-41FF-B00F-784665F9A81B}.Release|Any CPU.ActiveCfg = Release|Any CPU
		{BBA890B3-51D3-41FF-B00F-784665F9A81B}.Release|Any CPU.Build.0 = Release|Any CPU
		{29DCC5DC-8E74-492F-9425-86DD4EBCAE58}.Debug|Any CPU.ActiveCfg = Debug|Any CPU
		{29DCC5DC-8E74-492F-9425-86DD4EBCAE58}.Debug|Any CPU.Build.0 = Debug|Any CPU
		{29DCC5DC-8E74-492F-9425-86DD4EBCAE58}.Release|Any CPU.ActiveCfg = Release|Any CPU
		{29DCC5DC-8E74-492F-9425-86DD4EBCAE58}.Release|Any CPU.Build.0 = Release|Any CPU
		{D2D263B4-1931-40DC-B455-38CE91FEF97B}.Debug|Any CPU.ActiveCfg = Debug|Any CPU
		{D2D263B4-1931-40DC-B455-38CE91FEF97B}.Debug|Any CPU.Build.0 = Debug|Any CPU
		{D2D263B4-1931-40DC-B455-38CE91FEF97B}.Release|Any CPU.ActiveCfg = Release|Any CPU
		{D2D263B4-1931-40DC-B455-38CE91FEF97B}.Release|Any CPU.Build.0 = Release|Any CPU
		{A4A3C29D-25C8-422C-B492-E632972BB48B}.Debug|Any CPU.ActiveCfg = Debug|Any CPU
		{A4A3C29D-25C8-422C-B492-E632972BB48B}.Debug|Any CPU.Build.0 = Debug|Any CPU
		{A4A3C29D-25C8-422C-B492-E632972BB48B}.Release|Any CPU.ActiveCfg = Release|Any CPU
		{A4A3C29D-25C8-422C-B492-E632972BB48B}.Release|Any CPU.Build.0 = Release|Any CPU
	EndGlobalSection
	GlobalSection(SolutionProperties) = preSolution
		HideSolutionNode = FALSE
	EndGlobalSection
	GlobalSection(NestedProjects) = preSolution
		{1703C30E-CD77-462D-8CBD-B6BBE77BA8BD} = {5288222A-536C-451D-899B-937D1180C048}
		{948EBB89-18E3-432C-AAAC-A0CB37ABE0CD} = {5288222A-536C-451D-899B-937D1180C048}
		{1518F919-288C-491E-A40C-F68CD77CBA3A} = {5288222A-536C-451D-899B-937D1180C048}
		{816F0BF1-DD85-4481-B5B4-DD1962A85EC0} = {66AA78D0-77A1-408D-B59D-CBB68DD7B8B1}
		{E8CD1200-5F52-47FA-92CA-6DDFAE6E4774} = {970EB269-6568-4AF9-9827-9FDE15B71812}
		{D34D3384-6AC2-4E47-AD4B-114358EF74D8} = {970EB269-6568-4AF9-9827-9FDE15B71812}
		{E74A151A-0DDF-4162-8F60-40B457C6084E} = {970EB269-6568-4AF9-9827-9FDE15B71812}
		{351752EB-9361-4324-8D90-1C4685FCA0D6} = {970EB269-6568-4AF9-9827-9FDE15B71812}
		{EEABFBB1-F935-4C34-888E-5DDF31C6D30C} = {970EB269-6568-4AF9-9827-9FDE15B71812}
		{57CE5D61-3D43-407C-9144-BB869891DF22} = {970EB269-6568-4AF9-9827-9FDE15B71812}
		{EB5C9A1F-6B17-452E-A0CD-EDD0FD352440} = {970EB269-6568-4AF9-9827-9FDE15B71812}
		{E3AFB6EF-A020-4D96-A12B-E6D9F0B29A44} = {413F7870-AFFA-49FF-B51D-ECBFB8E1A713}
		{C6919C1C-534B-4807-AAFE-162660F0DD68} = {413F7870-AFFA-49FF-B51D-ECBFB8E1A713}
		{52A327DF-FE3F-4308-8961-5EA811C7E186} = {413F7870-AFFA-49FF-B51D-ECBFB8E1A713}
		{EB06572D-FF91-4A99-A84E-BF72841C6195} = {413F7870-AFFA-49FF-B51D-ECBFB8E1A713}
		{BBA890B3-51D3-41FF-B00F-784665F9A81B} = {71D37869-B976-40AA-9D2B-626CDD09B420}
		{549A1E9F-109A-4980-8C04-D1CAF717C368} = {9C131B9B-50BB-46A6-A332-F16D67769AF6}
		{5288222A-536C-451D-899B-937D1180C048} = {549A1E9F-109A-4980-8C04-D1CAF717C368}
		{66AA78D0-77A1-408D-B59D-CBB68DD7B8B1} = {549A1E9F-109A-4980-8C04-D1CAF717C368}
		{970EB269-6568-4AF9-9827-9FDE15B71812} = {2CD5E11B-3C61-40D4-939C-FC616F2DAC7B}
		{71D37869-B976-40AA-9D2B-626CDD09B420} = {2CD5E11B-3C61-40D4-939C-FC616F2DAC7B}
		{413F7870-AFFA-49FF-B51D-ECBFB8E1A713} = {9D0B77E5-75A7-4DDD-9C4B-2BB058426E0F}
		{F8F1FDE5-4313-4BDD-A4F8-5493D3165429} = {549A1E9F-109A-4980-8C04-D1CAF717C368}
		{29DCC5DC-8E74-492F-9425-86DD4EBCAE58} = {F8F1FDE5-4313-4BDD-A4F8-5493D3165429}
		{D2D263B4-1931-40DC-B455-38CE91FEF97B} = {66AA78D0-77A1-408D-B59D-CBB68DD7B8B1}
		{A4A3C29D-25C8-422C-B492-E632972BB48B} = {66AA78D0-77A1-408D-B59D-CBB68DD7B8B1}
	EndGlobalSection
	GlobalSection(ExtensibilityGlobals) = postSolution
		SolutionGuid = {B85108D0-B813-4EC9-AEBF-0C3CC8F991AE}
	EndGlobalSection
EndGlobal
