Microsoft Visual Studio Solution File, Format Version 12.00
# Visual Studio Version 16
VisualStudioVersion = 16.0.30523.141
MinimumVisualStudioVersion = 10.0.40219.1
Project("{2150E333-8FDC-42A3-9474-1A3956D46DE8}") = "src", "src", "{112923AC-9D24-4003-9D71-0AAB687F69E8}"
EndProject
Project("{9A19103F-16F7-4668-BE54-9A1E7A4F7556}") = "Nuqleon.Pearls.Rxcel", "Nuqleon.Pearls.Rxcel.csproj", "{97A9F3B0-B0E1-4E83-9137-44CE5E255559}"
EndProject
Global
	GlobalSection(SolutionConfigurationPlatforms) = preSolution
		Debug|Any CPU = Debug|Any CPU
		Release|Any CPU = Release|Any CPU
	EndGlobalSection
	GlobalSection(ProjectConfigurationPlatforms) = postSolution
		{97A9F3B0-B0E1-4E83-9137-44CE5E255559}.Debug|Any CPU.ActiveCfg = Debug|Any CPU
		{97A9F3B0-B0E1-4E83-9137-44CE5E255559}.Debug|Any CPU.Build.0 = Debug|Any CPU
		{97A9F3B0-B0E1-4E83-9137-44CE5E255559}.Release|Any CPU.ActiveCfg = Release|Any CPU
		{97A9F3B0-B0E1-4E83-9137-44CE5E255559}.Release|Any CPU.Build.0 = Release|Any CPU
	EndGlobalSection
	GlobalSection(SolutionProperties) = preSolution
		HideSolutionNode = FALSE
	EndGlobalSection
	GlobalSection(NestedProjects) = preSolution
		{97A9F3B0-B0E1-4E83-9137-44CE5E255559} = {112923AC-9D24-4003-9D71-0AAB687F69E8}
	EndGlobalSection
	GlobalSection(ExtensibilityGlobals) = postSolution
		SolutionGuid = {03EB3DA2-35B0-43C8-AF46-C402AC94649F}
	EndGlobalSection
EndGlobal
