Microsoft Visual Studio Solution File, Format Version 12.00
# Visual Studio Version 16
VisualStudioVersion = 16.0.30523.141
MinimumVisualStudioVersion = 10.0.40219.1
Project("{2150E333-8FDC-42A3-9474-1A3956D46DE8}") = "deps", "deps", "{96733937-1107-484A-AE5B-6AAA67A455A7}"
EndProject
Project("{2150E333-8FDC-42A3-9474-1A3956D46DE8}") = "src", "src", "{16A3C1C5-4B29-492D-9D12-1C374790DFF9}"
EndProject
Project("{2150E333-8FDC-42A3-9474-1A3956D46DE8}") = "test", "test", "{C167970B-E1D5-4AAE-BA79-981EF0CF28B3}"
EndProject
Project("{9A19103F-16F7-4668-BE54-9A1E7A4F7556}") = "Nuqleon.Collections.Specialized", "..\..\..\Nuqleon\Core\BCL\Nuqleon.Collections.Specialized\Nuqleon.Collections.Specialized.csproj", "{2B448D26-FED5-43DC-8DB4-5AE22CF1EF12}"
EndProject
Project("{9A19103F-16F7-4668-BE54-9A1E7A4F7556}") = "Nuqleon.IO.StreamSegment", "..\..\..\Nuqleon\Core\BCL\Nuqleon.IO.StreamSegment\Nuqleon.IO.StreamSegment.csproj", "{059A1D4E-84C4-48C1-8498-727FB57CCD95}"
EndProject
Project("{9A19103F-16F7-4668-BE54-9A1E7A4F7556}") = "Nuqleon.Memory", "..\..\..\Nuqleon\Core\BCL\Nuqleon.Memory\Nuqleon.Memory.csproj", "{9D4AEA09-A750-41F1-9F1A-8D96DC8BAE59}"
EndProject
Project("{9A19103F-16F7-4668-BE54-9A1E7A4F7556}") = "Nuqleon.Reflection.Virtualization", "..\..\..\Nuqleon\Core\BCL\Nuqleon.Reflection.Virtualization\Nuqleon.Reflection.Virtualization.csproj", "{54AF542B-80C2-4FC6-9099-BD746F5F2B1E}"
EndProject
Project("{9A19103F-16F7-4668-BE54-9A1E7A4F7556}") = "Nuqleon.Time", "..\..\..\Nuqleon\Core\BCL\Nuqleon.Time\Nuqleon.Time.csproj", "{002719E3-4F4F-4A08-8AC4-54DD811B66CF}"
EndProject
Project("{9A19103F-16F7-4668-BE54-9A1E7A4F7556}") = "Nuqleon.DataModel", "..\..\..\Nuqleon\Core\DataModel\Nuqleon.DataModel\Nuqleon.DataModel.csproj", "{F8EA280A-C362-46E7-92D0-DDA7DF5BF065}"
EndProject
Project("{9A19103F-16F7-4668-BE54-9A1E7A4F7556}") = "Nuqleon.DataModel.CompilerServices", "..\..\..\Nuqleon\Core\DataModel\Nuqleon.DataModel.CompilerServices\Nuqleon.DataModel.CompilerServices.csproj", "{8164E263-F3BE-4A4A-83C1-051EF1D48DC6}"
EndProject
Project("{9A19103F-16F7-4668-BE54-9A1E7A4F7556}") = "Nuqleon.DataModel.Serialization.Json", "..\..\..\Nuqleon\Core\DataModel\Nuqleon.DataModel.Serialization.Json\Nuqleon.DataModel.Serialization.Json.csproj", "{8952A703-DF27-4E86-A141-F445EE0DC7AE}"
EndProject
Project("{9A19103F-16F7-4668-BE54-9A1E7A4F7556}") = "Nuqleon.Json", "..\..\..\Nuqleon\Core\JSON\Nuqleon.Json\Nuqleon.Json.csproj", "{C44B104C-3B42-4921-A9CC-017CF1B669BB}"
EndProject
Project("{9A19103F-16F7-4668-BE54-9A1E7A4F7556}") = "Nuqleon.Json.Interop.Newtonsoft", "..\..\..\Nuqleon\Core\JSON\Nuqleon.Json.Interop.Newtonsoft\Nuqleon.Json.Interop.Newtonsoft.csproj", "{A5A5C766-C658-4BB9-9B01-93ADA5334B0C}"
EndProject
Project("{9A19103F-16F7-4668-BE54-9A1E7A4F7556}") = "Nuqleon.Linq.CompilerServices", "..\..\..\Nuqleon\Core\LINQ\Nuqleon.Linq.CompilerServices\Nuqleon.Linq.CompilerServices.csproj", "{755D7DA1-5F3C-4825-BAED-1C8D668CB407}"
EndProject
Project("{9A19103F-16F7-4668-BE54-9A1E7A4F7556}") = "Nuqleon.Linq.Expressions.Bonsai", "..\..\..\Nuqleon\Core\LINQ\Nuqleon.Linq.Expressions.Bonsai\Nuqleon.Linq.Expressions.Bonsai.csproj", "{3E627CA7-C560-4F5C-BBF0-29675469905C}"
EndProject
Project("{9A19103F-16F7-4668-BE54-9A1E7A4F7556}") = "Nuqleon.Linq.Expressions.Bonsai.Serialization", "..\..\..\Nuqleon\Core\LINQ\Nuqleon.Linq.Expressions.Bonsai.Serialization\Nuqleon.Linq.Expressions.Bonsai.Serialization.csproj", "{D20B5EE8-D398-4F8D-81EB-BD3ADE961325}"
EndProject
Project("{9A19103F-16F7-4668-BE54-9A1E7A4F7556}") = "Reaqtive.Core", "..\..\..\Reaqtive\Core\Reaqtive.Core\Reaqtive.Core.csproj", "{45810106-0A01-40FD-B277-8208B3168599}"
EndProject
Project("{9A19103F-16F7-4668-BE54-9A1E7A4F7556}") = "Reaqtive.Interfaces", "..\..\..\Reaqtive\Core\Reaqtive.Interfaces\Reaqtive.Interfaces.csproj", "{CB0AA3EC-BF83-4108-9D4A-D1C30C72BF92}"
EndProject
Project("{9A19103F-16F7-4668-BE54-9A1E7A4F7556}") = "Reaqtive.Linq", "..\..\..\Reaqtive\Core\Reaqtive.Linq\Reaqtive.Linq.csproj", "{3267D91D-F338-4CA0-8053-E63DD359B9B2}"
EndProject
Project("{9A19103F-16F7-4668-BE54-9A1E7A4F7556}") = "Reaqtive.Quotation", "..\..\..\Reaqtive\Core\Reaqtive.Quotation\Reaqtive.Quotation.csproj", "{C753DC86-06CE-4845-AD12-98709B6469A0}"
EndProject
Project("{9A19103F-16F7-4668-BE54-9A1E7A4F7556}") = "Reaqtive.Scheduler", "..\..\..\Reaqtive\Core\Reaqtive.Scheduler\Reaqtive.Scheduler.csproj", "{367A26EE-3F3E-4A5A-A5D6-765BAD34C311}"
EndProject
Project("{9A19103F-16F7-4668-BE54-9A1E7A4F7556}") = "Reaqtive.Testing", "..\..\..\Reaqtive\Core\Reaqtive.Testing\Reaqtive.Testing.csproj", "{C3271740-6DF3-41DF-A8DE-40DD5A1460FE}"
EndProject
Project("{9A19103F-16F7-4668-BE54-9A1E7A4F7556}") = "Reaqtive.TestingFramework", "..\..\..\Reaqtive\Core\Reaqtive.TestingFramework\Reaqtive.TestingFramework.csproj", "{7B9378E2-962F-479F-B303-4A3C95C7AB5A}"
EndProject
Project("{9A19103F-16F7-4668-BE54-9A1E7A4F7556}") = "Reaqtor.Client", "..\Client\Reaqtor.Client\Reaqtor.Client.csproj", "{C3D8863C-1BFD-4F63-A366-CD71DA51D82C}"
EndProject
Project("{9A19103F-16F7-4668-BE54-9A1E7A4F7556}") = "Reaqtor.Client.Core", "..\Client\Reaqtor.Client.Core\Reaqtor.Client.Core.csproj", "{A0224B18-ACBE-4FF2-A188-7B129FDDFEAC}"
EndProject
Project("{9A19103F-16F7-4668-BE54-9A1E7A4F7556}") = "Reaqtor.Client.Model", "..\Client\Reaqtor.Client.Model\Reaqtor.Client.Model.csproj", "{2C30A2A6-1611-4F04-B820-A23EA6D3F43A}"
EndProject
Project("{9A19103F-16F7-4668-BE54-9A1E7A4F7556}") = "Reaqtor.Engine.Contracts", "Reaqtor.Engine.Contracts\Reaqtor.Engine.Contracts.csproj", "{FB2A226E-2CB0-4500-AA6B-304B23CE56EE}"
EndProject
Project("{9A19103F-16F7-4668-BE54-9A1E7A4F7556}") = "Reaqtor.QueryEngine", "Reaqtor.QueryEngine\Reaqtor.QueryEngine.csproj", "{808EA303-18C6-44E5-92DB-1FDDE881352A}"
EndProject
Project("{9A19103F-16F7-4668-BE54-9A1E7A4F7556}") = "Reaqtor.QueryEngine.Interfaces", "Reaqtor.QueryEngine.Interfaces\Reaqtor.QueryEngine.Interfaces.csproj", "{CC44742D-A07E-46B3-ABA1-2544F4CDD2D4}"
EndProject
Project("{9A19103F-16F7-4668-BE54-9A1E7A4F7556}") = "Reaqtor.QueryEngine.KeyValueStore.InMemory", "Reaqtor.QueryEngine.KeyValueStore.InMemory\Reaqtor.QueryEngine.KeyValueStore.InMemory.csproj", "{10A9D40E-A7EC-4F66-899D-CD6B04E6212C}"
EndProject
Project("{9A19103F-16F7-4668-BE54-9A1E7A4F7556}") = "Reaqtor.QueryEngine.Mocks", "Reaqtor.QueryEngine.Mocks\Reaqtor.QueryEngine.Mocks.csproj", "{197552C1-54A0-46FF-A7E9-2576A6C3937D}"
EndProject
Project("{9A19103F-16F7-4668-BE54-9A1E7A4F7556}") = "Reaqtor.QueryEngine.ReificationFramework", "Reaqtor.QueryEngine.ReificationFramework\Reaqtor.QueryEngine.ReificationFramework.csproj", "{45DF6BF6-AADC-465E-86A2-6027DD125830}"
EndProject
Project("{9A19103F-16F7-4668-BE54-9A1E7A4F7556}") = "Reaqtor.QueryEngine.Serialization.DataModel", "Reaqtor.QueryEngine.Serialization.DataModel\Reaqtor.QueryEngine.Serialization.DataModel.csproj", "{02E86778-4B0D-4D7A-825C-31B2F6651133}"
EndProject
Project("{9A19103F-16F7-4668-BE54-9A1E7A4F7556}") = "Tests.Reaqtor.QueryEngine", "Tests.Reaqtor.QueryEngine\Tests.Reaqtor.QueryEngine.csproj", "{20063454-81FA-42EE-A40C-C16DD080989B}"
EndProject
Project("{9A19103F-16F7-4668-BE54-9A1E7A4F7556}") = "Reaqtor.Expressions.Binding", "..\Expressions\Reaqtor.Expressions.Binding\Reaqtor.Expressions.Binding.csproj", "{885883EC-0FE8-45A6-9292-2F4E3A380155}"
EndProject
Project("{9A19103F-16F7-4668-BE54-9A1E7A4F7556}") = "Reaqtor.Expressions.Core", "..\Expressions\Reaqtor.Expressions.Core\Reaqtor.Expressions.Core.csproj", "{29AE0149-4A8B-42B2-8739-8FE130B436C1}"
EndProject
Project("{9A19103F-16F7-4668-BE54-9A1E7A4F7556}") = "Reaqtor.Expressions.Model", "..\Expressions\Reaqtor.Expressions.Model\Reaqtor.Expressions.Model.csproj", "{F5299627-C9A4-4510-9948-FFE41097DABA}"
EndProject
Project("{9A19103F-16F7-4668-BE54-9A1E7A4F7556}") = "Reaqtor.Local.Core", "..\Local\Reaqtor.Local.Core\Reaqtor.Local.Core.csproj", "{1D410A12-9B08-41C8-9988-E0E08865609A}"
EndProject
Project("{9A19103F-16F7-4668-BE54-9A1E7A4F7556}") = "Reaqtor.Local.Model", "..\Local\Reaqtor.Local.Model\Reaqtor.Local.Model.csproj", "{CAADB744-D0A9-439B-9E96-0FC8DE97F900}"
EndProject
Project("{9A19103F-16F7-4668-BE54-9A1E7A4F7556}") = "Reaqtor.Metadata.Model", "..\Metadata\Reaqtor.Metadata.Model\Reaqtor.Metadata.Model.csproj", "{F362BAB9-2C33-48D5-90EF-B4FC0CFDDEE7}"
EndProject
Project("{9A19103F-16F7-4668-BE54-9A1E7A4F7556}") = "Reaqtor.Reactive.HigherOrder", "..\Reactive\Reaqtor.Reactive.HigherOrder\Reaqtor.Reactive.HigherOrder.csproj", "{984A1F30-0071-4C3C-86B0-03A9CADFB929}"
EndProject
Project("{9A19103F-16F7-4668-BE54-9A1E7A4F7556}") = "Reaqtor.Reliable", "..\Reliable\Reaqtor.Reliable\Reaqtor.Reliable.csproj", "{83E22477-1183-4A59-B1F0-6ACF79AC6ACC}"
EndProject
Project("{9A19103F-16F7-4668-BE54-9A1E7A4F7556}") = "Reaqtor.Reliable.Model", "..\Reliable\Reaqtor.Reliable.Model\Reaqtor.Reliable.Model.csproj", "{0FBADA37-309D-45B5-83F7-5CC1654696EE}"
EndProject
Project("{9A19103F-16F7-4668-BE54-9A1E7A4F7556}") = "Reaqtor.Service", "..\Service\Reaqtor.Service\Reaqtor.Service.csproj", "{E5B6D37B-366C-4566-88E3-224E8688C8B7}"
EndProject
Project("{9A19103F-16F7-4668-BE54-9A1E7A4F7556}") = "Reaqtor.Service.Contracts", "..\Service\Reaqtor.Service.Contracts\Reaqtor.Service.Contracts.csproj", "{AF4D08D2-C1CA-405C-95DB-415229DAC645}"
EndProject
Project("{9A19103F-16F7-4668-BE54-9A1E7A4F7556}") = "Reaqtor.Service.Core", "..\Service\Reaqtor.Service.Core\Reaqtor.Service.Core.csproj", "{5208EF9C-14C7-4360-AC94-22421A09E565}"
EndProject
Project("{9A19103F-16F7-4668-BE54-9A1E7A4F7556}") = "Reaqtor.Service.Model", "..\Service\Reaqtor.Service.Model\Reaqtor.Service.Model.csproj", "{8D6AC964-7DC3-4758-B891-3E7A815B6D07}"
EndProject
Project("{9A19103F-16F7-4668-BE54-9A1E7A4F7556}") = "Reaqtor.Shared.Core", "..\Shared\Reaqtor.Shared.Core\Reaqtor.Shared.Core.csproj", "{0E8767D2-6E55-4B80-BC4E-8F94EDC42473}"
EndProject
Project("{9A19103F-16F7-4668-BE54-9A1E7A4F7556}") = "Reaqtor.Shared.Model", "..\Shared\Reaqtor.Shared.Model\Reaqtor.Shared.Model.csproj", "{A4DB1AE5-16B8-4F56-B831-C60E4654FEA1}"
EndProject
Project("{9A19103F-16F7-4668-BE54-9A1E7A4F7556}") = "Reaqtor.ReificationFramework", "..\Testing\Reaqtor.ReificationFramework\Reaqtor.ReificationFramework.csproj", "{254CFE5C-7544-4655-88CF-8E1CA26FA9B6}"
EndProject
Project("{9A19103F-16F7-4668-BE54-9A1E7A4F7556}") = "Reaqtor.ReifiedOperations", "..\Testing\Reaqtor.ReifiedOperations\Reaqtor.ReifiedOperations.csproj", "{53437629-5C51-462D-8ADA-0EF91F96086C}"
EndProject
Project("{9A19103F-16F7-4668-BE54-9A1E7A4F7556}") = "Reaqtor.TestingFramework.Hosted", "..\Testing\Reaqtor.TestingFramework.Hosted\Reaqtor.TestingFramework.Hosted.csproj", "{79BEF5C8-07BD-484A-8BEA-20A5C6CF9FDE}"
EndProject
Project("{2150E333-8FDC-42A3-9474-1A3956D46DE8}") = "Nuqleon", "Nuqleon", "{456A86F8-B774-42B3-9BA2-EB47E7EDF285}"
EndProject
Project("{2150E333-8FDC-42A3-9474-1A3956D46DE8}") = "Reaqtor", "Reaqtor", "{C1634470-BBA2-49B2-A102-E04925911E17}"
EndProject
Project("{2150E333-8FDC-42A3-9474-1A3956D46DE8}") = "BCL", "BCL", "{1119B51D-0AA3-40AF-A629-8820985F5659}"
EndProject
Project("{2150E333-8FDC-42A3-9474-1A3956D46DE8}") = "JSON", "JSON", "{BBA9F1D7-55FD-4E41-81ED-1A6971919B22}"
EndProject
Project("{2150E333-8FDC-42A3-9474-1A3956D46DE8}") = "LINQ", "LINQ", "{AD139522-F80A-443B-8BF9-B43374856738}"
EndProject
Project("{2150E333-8FDC-42A3-9474-1A3956D46DE8}") = "Reaqtive", "Reaqtive", "{04033F51-7877-46AC-A4AD-B39CECDAE693}"
EndProject
Project("{2150E333-8FDC-42A3-9474-1A3956D46DE8}") = "DataModel", "DataModel", "{9A898C97-AE99-4090-8D0D-09F9B693A3F9}"
EndProject
Project("{2150E333-8FDC-42A3-9474-1A3956D46DE8}") = "Client", "Client", "{18BE068D-104F-4714-89F9-EE24BC20219A}"
EndProject
Project("{2150E333-8FDC-42A3-9474-1A3956D46DE8}") = "Service", "Service", "{4EF7CA27-7ADB-4DB4-97FB-445B92B76B79}"
EndProject
Project("{2150E333-8FDC-42A3-9474-1A3956D46DE8}") = "Testing", "Testing", "{7FE5B1D6-ABB2-41E3-BAF6-D3D0EAF4C190}"
EndProject
Project("{2150E333-8FDC-42A3-9474-1A3956D46DE8}") = "Expressions", "Expressions", "{5E2EB1A9-61A8-4E36-834A-89DAC956653D}"
EndProject
Project("{2150E333-8FDC-42A3-9474-1A3956D46DE8}") = "Reliable", "Reliable", "{668954EA-9DED-4EC7-8C29-266C24FE921D}"
EndProject
Project("{2150E333-8FDC-42A3-9474-1A3956D46DE8}") = "Shared", "Shared", "{84B7CEA3-F742-4FF9-94A8-10A42962153A}"
EndProject
Project("{2150E333-8FDC-42A3-9474-1A3956D46DE8}") = "Local", "Local", "{189D341A-180F-4AE6-98DF-1E98F64899E6}"
EndProject
Project("{2150E333-8FDC-42A3-9474-1A3956D46DE8}") = "Reactive", "Reactive", "{EFA634CE-4525-45AF-9321-FD414E5640C6}"
EndProject
Project("{2150E333-8FDC-42A3-9474-1A3956D46DE8}") = "Metadata", "Metadata", "{942E4FDE-F0F4-4AB8-81AF-5ECFE27ED056}"
EndProject
Global
	GlobalSection(SolutionConfigurationPlatforms) = preSolution
		Debug|Any CPU = Debug|Any CPU
		Release|Any CPU = Release|Any CPU
	EndGlobalSection
	GlobalSection(ProjectConfigurationPlatforms) = postSolution
		{2B448D26-FED5-43DC-8DB4-5AE22CF1EF12}.Debug|Any CPU.ActiveCfg = Debug|Any CPU
		{2B448D26-FED5-43DC-8DB4-5AE22CF1EF12}.Debug|Any CPU.Build.0 = Debug|Any CPU
		{2B448D26-FED5-43DC-8DB4-5AE22CF1EF12}.Release|Any CPU.ActiveCfg = Release|Any CPU
		{2B448D26-FED5-43DC-8DB4-5AE22CF1EF12}.Release|Any CPU.Build.0 = Release|Any CPU
		{059A1D4E-84C4-48C1-8498-727FB57CCD95}.Debug|Any CPU.ActiveCfg = Debug|Any CPU
		{059A1D4E-84C4-48C1-8498-727FB57CCD95}.Debug|Any CPU.Build.0 = Debug|Any CPU
		{059A1D4E-84C4-48C1-8498-727FB57CCD95}.Release|Any CPU.ActiveCfg = Release|Any CPU
		{059A1D4E-84C4-48C1-8498-727FB57CCD95}.Release|Any CPU.Build.0 = Release|Any CPU
		{9D4AEA09-A750-41F1-9F1A-8D96DC8BAE59}.Debug|Any CPU.ActiveCfg = Debug|Any CPU
		{9D4AEA09-A750-41F1-9F1A-8D96DC8BAE59}.Debug|Any CPU.Build.0 = Debug|Any CPU
		{9D4AEA09-A750-41F1-9F1A-8D96DC8BAE59}.Release|Any CPU.ActiveCfg = Release|Any CPU
		{9D4AEA09-A750-41F1-9F1A-8D96DC8BAE59}.Release|Any CPU.Build.0 = Release|Any CPU
		{54AF542B-80C2-4FC6-9099-BD746F5F2B1E}.Debug|Any CPU.ActiveCfg = Debug|Any CPU
		{54AF542B-80C2-4FC6-9099-BD746F5F2B1E}.Debug|Any CPU.Build.0 = Debug|Any CPU
		{54AF542B-80C2-4FC6-9099-BD746F5F2B1E}.Release|Any CPU.ActiveCfg = Release|Any CPU
		{54AF542B-80C2-4FC6-9099-BD746F5F2B1E}.Release|Any CPU.Build.0 = Release|Any CPU
		{002719E3-4F4F-4A08-8AC4-54DD811B66CF}.Debug|Any CPU.ActiveCfg = Debug|Any CPU
		{002719E3-4F4F-4A08-8AC4-54DD811B66CF}.Debug|Any CPU.Build.0 = Debug|Any CPU
		{002719E3-4F4F-4A08-8AC4-54DD811B66CF}.Release|Any CPU.ActiveCfg = Release|Any CPU
		{002719E3-4F4F-4A08-8AC4-54DD811B66CF}.Release|Any CPU.Build.0 = Release|Any CPU
		{F8EA280A-C362-46E7-92D0-DDA7DF5BF065}.Debug|Any CPU.ActiveCfg = Debug|Any CPU
		{F8EA280A-C362-46E7-92D0-DDA7DF5BF065}.Debug|Any CPU.Build.0 = Debug|Any CPU
		{F8EA280A-C362-46E7-92D0-DDA7DF5BF065}.Release|Any CPU.ActiveCfg = Release|Any CPU
		{F8EA280A-C362-46E7-92D0-DDA7DF5BF065}.Release|Any CPU.Build.0 = Release|Any CPU
		{8164E263-F3BE-4A4A-83C1-051EF1D48DC6}.Debug|Any CPU.ActiveCfg = Debug|Any CPU
		{8164E263-F3BE-4A4A-83C1-051EF1D48DC6}.Debug|Any CPU.Build.0 = Debug|Any CPU
		{8164E263-F3BE-4A4A-83C1-051EF1D48DC6}.Release|Any CPU.ActiveCfg = Release|Any CPU
		{8164E263-F3BE-4A4A-83C1-051EF1D48DC6}.Release|Any CPU.Build.0 = Release|Any CPU
		{8952A703-DF27-4E86-A141-F445EE0DC7AE}.Debug|Any CPU.ActiveCfg = Debug|Any CPU
		{8952A703-DF27-4E86-A141-F445EE0DC7AE}.Debug|Any CPU.Build.0 = Debug|Any CPU
		{8952A703-DF27-4E86-A141-F445EE0DC7AE}.Release|Any CPU.ActiveCfg = Release|Any CPU
		{8952A703-DF27-4E86-A141-F445EE0DC7AE}.Release|Any CPU.Build.0 = Release|Any CPU
		{C44B104C-3B42-4921-A9CC-017CF1B669BB}.Debug|Any CPU.ActiveCfg = Debug|Any CPU
		{C44B104C-3B42-4921-A9CC-017CF1B669BB}.Debug|Any CPU.Build.0 = Debug|Any CPU
		{C44B104C-3B42-4921-A9CC-017CF1B669BB}.Release|Any CPU.ActiveCfg = Release|Any CPU
		{C44B104C-3B42-4921-A9CC-017CF1B669BB}.Release|Any CPU.Build.0 = Release|Any CPU
		{A5A5C766-C658-4BB9-9B01-93ADA5334B0C}.Debug|Any CPU.ActiveCfg = Debug|Any CPU
		{A5A5C766-C658-4BB9-9B01-93ADA5334B0C}.Debug|Any CPU.Build.0 = Debug|Any CPU
		{A5A5C766-C658-4BB9-9B01-93ADA5334B0C}.Release|Any CPU.ActiveCfg = Release|Any CPU
		{A5A5C766-C658-4BB9-9B01-93ADA5334B0C}.Release|Any CPU.Build.0 = Release|Any CPU
		{755D7DA1-5F3C-4825-BAED-1C8D668CB407}.Debug|Any CPU.ActiveCfg = Debug|Any CPU
		{755D7DA1-5F3C-4825-BAED-1C8D668CB407}.Debug|Any CPU.Build.0 = Debug|Any CPU
		{755D7DA1-5F3C-4825-BAED-1C8D668CB407}.Release|Any CPU.ActiveCfg = Release|Any CPU
		{755D7DA1-5F3C-4825-BAED-1C8D668CB407}.Release|Any CPU.Build.0 = Release|Any CPU
		{3E627CA7-C560-4F5C-BBF0-29675469905C}.Debug|Any CPU.ActiveCfg = Debug|Any CPU
		{3E627CA7-C560-4F5C-BBF0-29675469905C}.Debug|Any CPU.Build.0 = Debug|Any CPU
		{3E627CA7-C560-4F5C-BBF0-29675469905C}.Release|Any CPU.ActiveCfg = Release|Any CPU
		{3E627CA7-C560-4F5C-BBF0-29675469905C}.Release|Any CPU.Build.0 = Release|Any CPU
		{D20B5EE8-D398-4F8D-81EB-BD3ADE961325}.Debug|Any CPU.ActiveCfg = Debug|Any CPU
		{D20B5EE8-D398-4F8D-81EB-BD3ADE961325}.Debug|Any CPU.Build.0 = Debug|Any CPU
		{D20B5EE8-D398-4F8D-81EB-BD3ADE961325}.Release|Any CPU.ActiveCfg = Release|Any CPU
		{D20B5EE8-D398-4F8D-81EB-BD3ADE961325}.Release|Any CPU.Build.0 = Release|Any CPU
		{45810106-0A01-40FD-B277-8208B3168599}.Debug|Any CPU.ActiveCfg = Debug|Any CPU
		{45810106-0A01-40FD-B277-8208B3168599}.Debug|Any CPU.Build.0 = Debug|Any CPU
		{45810106-0A01-40FD-B277-8208B3168599}.Release|Any CPU.ActiveCfg = Release|Any CPU
		{45810106-0A01-40FD-B277-8208B3168599}.Release|Any CPU.Build.0 = Release|Any CPU
		{CB0AA3EC-BF83-4108-9D4A-D1C30C72BF92}.Debug|Any CPU.ActiveCfg = Debug|Any CPU
		{CB0AA3EC-BF83-4108-9D4A-D1C30C72BF92}.Debug|Any CPU.Build.0 = Debug|Any CPU
		{CB0AA3EC-BF83-4108-9D4A-D1C30C72BF92}.Release|Any CPU.ActiveCfg = Release|Any CPU
		{CB0AA3EC-BF83-4108-9D4A-D1C30C72BF92}.Release|Any CPU.Build.0 = Release|Any CPU
		{3267D91D-F338-4CA0-8053-E63DD359B9B2}.Debug|Any CPU.ActiveCfg = Debug|Any CPU
		{3267D91D-F338-4CA0-8053-E63DD359B9B2}.Debug|Any CPU.Build.0 = Debug|Any CPU
		{3267D91D-F338-4CA0-8053-E63DD359B9B2}.Release|Any CPU.ActiveCfg = Release|Any CPU
		{3267D91D-F338-4CA0-8053-E63DD359B9B2}.Release|Any CPU.Build.0 = Release|Any CPU
		{C753DC86-06CE-4845-AD12-98709B6469A0}.Debug|Any CPU.ActiveCfg = Debug|Any CPU
		{C753DC86-06CE-4845-AD12-98709B6469A0}.Debug|Any CPU.Build.0 = Debug|Any CPU
		{C753DC86-06CE-4845-AD12-98709B6469A0}.Release|Any CPU.ActiveCfg = Release|Any CPU
		{C753DC86-06CE-4845-AD12-98709B6469A0}.Release|Any CPU.Build.0 = Release|Any CPU
		{367A26EE-3F3E-4A5A-A5D6-765BAD34C311}.Debug|Any CPU.ActiveCfg = Debug|Any CPU
		{367A26EE-3F3E-4A5A-A5D6-765BAD34C311}.Debug|Any CPU.Build.0 = Debug|Any CPU
		{367A26EE-3F3E-4A5A-A5D6-765BAD34C311}.Release|Any CPU.ActiveCfg = Release|Any CPU
		{367A26EE-3F3E-4A5A-A5D6-765BAD34C311}.Release|Any CPU.Build.0 = Release|Any CPU
		{C3271740-6DF3-41DF-A8DE-40DD5A1460FE}.Debug|Any CPU.ActiveCfg = Debug|Any CPU
		{C3271740-6DF3-41DF-A8DE-40DD5A1460FE}.Debug|Any CPU.Build.0 = Debug|Any CPU
		{C3271740-6DF3-41DF-A8DE-40DD5A1460FE}.Release|Any CPU.ActiveCfg = Release|Any CPU
		{C3271740-6DF3-41DF-A8DE-40DD5A1460FE}.Release|Any CPU.Build.0 = Release|Any CPU
		{7B9378E2-962F-479F-B303-4A3C95C7AB5A}.Debug|Any CPU.ActiveCfg = Debug|Any CPU
		{7B9378E2-962F-479F-B303-4A3C95C7AB5A}.Debug|Any CPU.Build.0 = Debug|Any CPU
		{7B9378E2-962F-479F-B303-4A3C95C7AB5A}.Release|Any CPU.ActiveCfg = Release|Any CPU
		{7B9378E2-962F-479F-B303-4A3C95C7AB5A}.Release|Any CPU.Build.0 = Release|Any CPU
		{C3D8863C-1BFD-4F63-A366-CD71DA51D82C}.Debug|Any CPU.ActiveCfg = Debug|Any CPU
		{C3D8863C-1BFD-4F63-A366-CD71DA51D82C}.Debug|Any CPU.Build.0 = Debug|Any CPU
		{C3D8863C-1BFD-4F63-A366-CD71DA51D82C}.Release|Any CPU.ActiveCfg = Release|Any CPU
		{C3D8863C-1BFD-4F63-A366-CD71DA51D82C}.Release|Any CPU.Build.0 = Release|Any CPU
		{A0224B18-ACBE-4FF2-A188-7B129FDDFEAC}.Debug|Any CPU.ActiveCfg = Debug|Any CPU
		{A0224B18-ACBE-4FF2-A188-7B129FDDFEAC}.Debug|Any CPU.Build.0 = Debug|Any CPU
		{A0224B18-ACBE-4FF2-A188-7B129FDDFEAC}.Release|Any CPU.ActiveCfg = Release|Any CPU
		{A0224B18-ACBE-4FF2-A188-7B129FDDFEAC}.Release|Any CPU.Build.0 = Release|Any CPU
		{2C30A2A6-1611-4F04-B820-A23EA6D3F43A}.Debug|Any CPU.ActiveCfg = Debug|Any CPU
		{2C30A2A6-1611-4F04-B820-A23EA6D3F43A}.Debug|Any CPU.Build.0 = Debug|Any CPU
		{2C30A2A6-1611-4F04-B820-A23EA6D3F43A}.Release|Any CPU.ActiveCfg = Release|Any CPU
		{2C30A2A6-1611-4F04-B820-A23EA6D3F43A}.Release|Any CPU.Build.0 = Release|Any CPU
		{FB2A226E-2CB0-4500-AA6B-304B23CE56EE}.Debug|Any CPU.ActiveCfg = Debug|Any CPU
		{FB2A226E-2CB0-4500-AA6B-304B23CE56EE}.Debug|Any CPU.Build.0 = Debug|Any CPU
		{FB2A226E-2CB0-4500-AA6B-304B23CE56EE}.Release|Any CPU.ActiveCfg = Release|Any CPU
		{FB2A226E-2CB0-4500-AA6B-304B23CE56EE}.Release|Any CPU.Build.0 = Release|Any CPU
		{808EA303-18C6-44E5-92DB-1FDDE881352A}.Debug|Any CPU.ActiveCfg = Debug|Any CPU
		{808EA303-18C6-44E5-92DB-1FDDE881352A}.Debug|Any CPU.Build.0 = Debug|Any CPU
		{808EA303-18C6-44E5-92DB-1FDDE881352A}.Release|Any CPU.ActiveCfg = Release|Any CPU
		{808EA303-18C6-44E5-92DB-1FDDE881352A}.Release|Any CPU.Build.0 = Release|Any CPU
		{CC44742D-A07E-46B3-ABA1-2544F4CDD2D4}.Debug|Any CPU.ActiveCfg = Debug|Any CPU
		{CC44742D-A07E-46B3-ABA1-2544F4CDD2D4}.Debug|Any CPU.Build.0 = Debug|Any CPU
		{CC44742D-A07E-46B3-ABA1-2544F4CDD2D4}.Release|Any CPU.ActiveCfg = Release|Any CPU
		{CC44742D-A07E-46B3-ABA1-2544F4CDD2D4}.Release|Any CPU.Build.0 = Release|Any CPU
		{10A9D40E-A7EC-4F66-899D-CD6B04E6212C}.Debug|Any CPU.ActiveCfg = Debug|Any CPU
		{10A9D40E-A7EC-4F66-899D-CD6B04E6212C}.Debug|Any CPU.Build.0 = Debug|Any CPU
		{10A9D40E-A7EC-4F66-899D-CD6B04E6212C}.Release|Any CPU.ActiveCfg = Release|Any CPU
		{10A9D40E-A7EC-4F66-899D-CD6B04E6212C}.Release|Any CPU.Build.0 = Release|Any CPU
		{197552C1-54A0-46FF-A7E9-2576A6C3937D}.Debug|Any CPU.ActiveCfg = Debug|Any CPU
		{197552C1-54A0-46FF-A7E9-2576A6C3937D}.Debug|Any CPU.Build.0 = Debug|Any CPU
		{197552C1-54A0-46FF-A7E9-2576A6C3937D}.Release|Any CPU.ActiveCfg = Release|Any CPU
		{197552C1-54A0-46FF-A7E9-2576A6C3937D}.Release|Any CPU.Build.0 = Release|Any CPU
		{45DF6BF6-AADC-465E-86A2-6027DD125830}.Debug|Any CPU.ActiveCfg = Debug|Any CPU
		{45DF6BF6-AADC-465E-86A2-6027DD125830}.Debug|Any CPU.Build.0 = Debug|Any CPU
		{45DF6BF6-AADC-465E-86A2-6027DD125830}.Release|Any CPU.ActiveCfg = Release|Any CPU
		{45DF6BF6-AADC-465E-86A2-6027DD125830}.Release|Any CPU.Build.0 = Release|Any CPU
		{02E86778-4B0D-4D7A-825C-31B2F6651133}.Debug|Any CPU.ActiveCfg = Debug|Any CPU
		{02E86778-4B0D-4D7A-825C-31B2F6651133}.Debug|Any CPU.Build.0 = Debug|Any CPU
		{02E86778-4B0D-4D7A-825C-31B2F6651133}.Release|Any CPU.ActiveCfg = Release|Any CPU
		{02E86778-4B0D-4D7A-825C-31B2F6651133}.Release|Any CPU.Build.0 = Release|Any CPU
		{20063454-81FA-42EE-A40C-C16DD080989B}.Debug|Any CPU.ActiveCfg = Debug|Any CPU
		{20063454-81FA-42EE-A40C-C16DD080989B}.Debug|Any CPU.Build.0 = Debug|Any CPU
		{20063454-81FA-42EE-A40C-C16DD080989B}.Release|Any CPU.ActiveCfg = Release|Any CPU
		{20063454-81FA-42EE-A40C-C16DD080989B}.Release|Any CPU.Build.0 = Release|Any CPU
		{885883EC-0FE8-45A6-9292-2F4E3A380155}.Debug|Any CPU.ActiveCfg = Debug|Any CPU
		{885883EC-0FE8-45A6-9292-2F4E3A380155}.Debug|Any CPU.Build.0 = Debug|Any CPU
		{885883EC-0FE8-45A6-9292-2F4E3A380155}.Release|Any CPU.ActiveCfg = Release|Any CPU
		{885883EC-0FE8-45A6-9292-2F4E3A380155}.Release|Any CPU.Build.0 = Release|Any CPU
		{29AE0149-4A8B-42B2-8739-8FE130B436C1}.Debug|Any CPU.ActiveCfg = Debug|Any CPU
		{29AE0149-4A8B-42B2-8739-8FE130B436C1}.Debug|Any CPU.Build.0 = Debug|Any CPU
		{29AE0149-4A8B-42B2-8739-8FE130B436C1}.Release|Any CPU.ActiveCfg = Release|Any CPU
		{29AE0149-4A8B-42B2-8739-8FE130B436C1}.Release|Any CPU.Build.0 = Release|Any CPU
		{F5299627-C9A4-4510-9948-FFE41097DABA}.Debug|Any CPU.ActiveCfg = Debug|Any CPU
		{F5299627-C9A4-4510-9948-FFE41097DABA}.Debug|Any CPU.Build.0 = Debug|Any CPU
		{F5299627-C9A4-4510-9948-FFE41097DABA}.Release|Any CPU.ActiveCfg = Release|Any CPU
		{F5299627-C9A4-4510-9948-FFE41097DABA}.Release|Any CPU.Build.0 = Release|Any CPU
		{1D410A12-9B08-41C8-9988-E0E08865609A}.Debug|Any CPU.ActiveCfg = Debug|Any CPU
		{1D410A12-9B08-41C8-9988-E0E08865609A}.Debug|Any CPU.Build.0 = Debug|Any CPU
		{1D410A12-9B08-41C8-9988-E0E08865609A}.Release|Any CPU.ActiveCfg = Release|Any CPU
		{1D410A12-9B08-41C8-9988-E0E08865609A}.Release|Any CPU.Build.0 = Release|Any CPU
		{CAADB744-D0A9-439B-9E96-0FC8DE97F900}.Debug|Any CPU.ActiveCfg = Debug|Any CPU
		{CAADB744-D0A9-439B-9E96-0FC8DE97F900}.Debug|Any CPU.Build.0 = Debug|Any CPU
		{CAADB744-D0A9-439B-9E96-0FC8DE97F900}.Release|Any CPU.ActiveCfg = Release|Any CPU
		{CAADB744-D0A9-439B-9E96-0FC8DE97F900}.Release|Any CPU.Build.0 = Release|Any CPU
		{F362BAB9-2C33-48D5-90EF-B4FC0CFDDEE7}.Debug|Any CPU.ActiveCfg = Debug|Any CPU
		{F362BAB9-2C33-48D5-90EF-B4FC0CFDDEE7}.Debug|Any CPU.Build.0 = Debug|Any CPU
		{F362BAB9-2C33-48D5-90EF-B4FC0CFDDEE7}.Release|Any CPU.ActiveCfg = Release|Any CPU
		{F362BAB9-2C33-48D5-90EF-B4FC0CFDDEE7}.Release|Any CPU.Build.0 = Release|Any CPU
		{984A1F30-0071-4C3C-86B0-03A9CADFB929}.Debug|Any CPU.ActiveCfg = Debug|Any CPU
		{984A1F30-0071-4C3C-86B0-03A9CADFB929}.Debug|Any CPU.Build.0 = Debug|Any CPU
		{984A1F30-0071-4C3C-86B0-03A9CADFB929}.Release|Any CPU.ActiveCfg = Release|Any CPU
		{984A1F30-0071-4C3C-86B0-03A9CADFB929}.Release|Any CPU.Build.0 = Release|Any CPU
		{83E22477-1183-4A59-B1F0-6ACF79AC6ACC}.Debug|Any CPU.ActiveCfg = Debug|Any CPU
		{83E22477-1183-4A59-B1F0-6ACF79AC6ACC}.Debug|Any CPU.Build.0 = Debug|Any CPU
		{83E22477-1183-4A59-B1F0-6ACF79AC6ACC}.Release|Any CPU.ActiveCfg = Release|Any CPU
		{83E22477-1183-4A59-B1F0-6ACF79AC6ACC}.Release|Any CPU.Build.0 = Release|Any CPU
		{0FBADA37-309D-45B5-83F7-5CC1654696EE}.Debug|Any CPU.ActiveCfg = Debug|Any CPU
		{0FBADA37-309D-45B5-83F7-5CC1654696EE}.Debug|Any CPU.Build.0 = Debug|Any CPU
		{0FBADA37-309D-45B5-83F7-5CC1654696EE}.Release|Any CPU.ActiveCfg = Release|Any CPU
		{0FBADA37-309D-45B5-83F7-5CC1654696EE}.Release|Any CPU.Build.0 = Release|Any CPU
		{E5B6D37B-366C-4566-88E3-224E8688C8B7}.Debug|Any CPU.ActiveCfg = Debug|Any CPU
		{E5B6D37B-366C-4566-88E3-224E8688C8B7}.Debug|Any CPU.Build.0 = Debug|Any CPU
		{E5B6D37B-366C-4566-88E3-224E8688C8B7}.Release|Any CPU.ActiveCfg = Release|Any CPU
		{E5B6D37B-366C-4566-88E3-224E8688C8B7}.Release|Any CPU.Build.0 = Release|Any CPU
		{AF4D08D2-C1CA-405C-95DB-415229DAC645}.Debug|Any CPU.ActiveCfg = Debug|Any CPU
		{AF4D08D2-C1CA-405C-95DB-415229DAC645}.Debug|Any CPU.Build.0 = Debug|Any CPU
		{AF4D08D2-C1CA-405C-95DB-415229DAC645}.Release|Any CPU.ActiveCfg = Release|Any CPU
		{AF4D08D2-C1CA-405C-95DB-415229DAC645}.Release|Any CPU.Build.0 = Release|Any CPU
		{5208EF9C-14C7-4360-AC94-22421A09E565}.Debug|Any CPU.ActiveCfg = Debug|Any CPU
		{5208EF9C-14C7-4360-AC94-22421A09E565}.Debug|Any CPU.Build.0 = Debug|Any CPU
		{5208EF9C-14C7-4360-AC94-22421A09E565}.Release|Any CPU.ActiveCfg = Release|Any CPU
		{5208EF9C-14C7-4360-AC94-22421A09E565}.Release|Any CPU.Build.0 = Release|Any CPU
		{8D6AC964-7DC3-4758-B891-3E7A815B6D07}.Debug|Any CPU.ActiveCfg = Debug|Any CPU
		{8D6AC964-7DC3-4758-B891-3E7A815B6D07}.Debug|Any CPU.Build.0 = Debug|Any CPU
		{8D6AC964-7DC3-4758-B891-3E7A815B6D07}.Release|Any CPU.ActiveCfg = Release|Any CPU
		{8D6AC964-7DC3-4758-B891-3E7A815B6D07}.Release|Any CPU.Build.0 = Release|Any CPU
		{0E8767D2-6E55-4B80-BC4E-8F94EDC42473}.Debug|Any CPU.ActiveCfg = Debug|Any CPU
		{0E8767D2-6E55-4B80-BC4E-8F94EDC42473}.Debug|Any CPU.Build.0 = Debug|Any CPU
		{0E8767D2-6E55-4B80-BC4E-8F94EDC42473}.Release|Any CPU.ActiveCfg = Release|Any CPU
		{0E8767D2-6E55-4B80-BC4E-8F94EDC42473}.Release|Any CPU.Build.0 = Release|Any CPU
		{A4DB1AE5-16B8-4F56-B831-C60E4654FEA1}.Debug|Any CPU.ActiveCfg = Debug|Any CPU
		{A4DB1AE5-16B8-4F56-B831-C60E4654FEA1}.Debug|Any CPU.Build.0 = Debug|Any CPU
		{A4DB1AE5-16B8-4F56-B831-C60E4654FEA1}.Release|Any CPU.ActiveCfg = Release|Any CPU
		{A4DB1AE5-16B8-4F56-B831-C60E4654FEA1}.Release|Any CPU.Build.0 = Release|Any CPU
		{254CFE5C-7544-4655-88CF-8E1CA26FA9B6}.Debug|Any CPU.ActiveCfg = Debug|Any CPU
		{254CFE5C-7544-4655-88CF-8E1CA26FA9B6}.Debug|Any CPU.Build.0 = Debug|Any CPU
		{254CFE5C-7544-4655-88CF-8E1CA26FA9B6}.Release|Any CPU.ActiveCfg = Release|Any CPU
		{254CFE5C-7544-4655-88CF-8E1CA26FA9B6}.Release|Any CPU.Build.0 = Release|Any CPU
		{53437629-5C51-462D-8ADA-0EF91F96086C}.Debug|Any CPU.ActiveCfg = Debug|Any CPU
		{53437629-5C51-462D-8ADA-0EF91F96086C}.Debug|Any CPU.Build.0 = Debug|Any CPU
		{53437629-5C51-462D-8ADA-0EF91F96086C}.Release|Any CPU.ActiveCfg = Release|Any CPU
		{53437629-5C51-462D-8ADA-0EF91F96086C}.Release|Any CPU.Build.0 = Release|Any CPU
		{79BEF5C8-07BD-484A-8BEA-20A5C6CF9FDE}.Debug|Any CPU.ActiveCfg = Debug|Any CPU
		{79BEF5C8-07BD-484A-8BEA-20A5C6CF9FDE}.Debug|Any CPU.Build.0 = Debug|Any CPU
		{79BEF5C8-07BD-484A-8BEA-20A5C6CF9FDE}.Release|Any CPU.ActiveCfg = Release|Any CPU
		{79BEF5C8-07BD-484A-8BEA-20A5C6CF9FDE}.Release|Any CPU.Build.0 = Release|Any CPU
	EndGlobalSection
	GlobalSection(SolutionProperties) = preSolution
		HideSolutionNode = FALSE
	EndGlobalSection
	GlobalSection(NestedProjects) = preSolution
		{2B448D26-FED5-43DC-8DB4-5AE22CF1EF12} = {1119B51D-0AA3-40AF-A629-8820985F5659}
		{059A1D4E-84C4-48C1-8498-727FB57CCD95} = {1119B51D-0AA3-40AF-A629-8820985F5659}
		{9D4AEA09-A750-41F1-9F1A-8D96DC8BAE59} = {1119B51D-0AA3-40AF-A629-8820985F5659}
		{54AF542B-80C2-4FC6-9099-BD746F5F2B1E} = {1119B51D-0AA3-40AF-A629-8820985F5659}
		{002719E3-4F4F-4A08-8AC4-54DD811B66CF} = {1119B51D-0AA3-40AF-A629-8820985F5659}
		{F8EA280A-C362-46E7-92D0-DDA7DF5BF065} = {9A898C97-AE99-4090-8D0D-09F9B693A3F9}
		{8164E263-F3BE-4A4A-83C1-051EF1D48DC6} = {9A898C97-AE99-4090-8D0D-09F9B693A3F9}
		{8952A703-DF27-4E86-A141-F445EE0DC7AE} = {9A898C97-AE99-4090-8D0D-09F9B693A3F9}
		{C44B104C-3B42-4921-A9CC-017CF1B669BB} = {BBA9F1D7-55FD-4E41-81ED-1A6971919B22}
		{A5A5C766-C658-4BB9-9B01-93ADA5334B0C} = {BBA9F1D7-55FD-4E41-81ED-1A6971919B22}
		{755D7DA1-5F3C-4825-BAED-1C8D668CB407} = {AD139522-F80A-443B-8BF9-B43374856738}
		{3E627CA7-C560-4F5C-BBF0-29675469905C} = {AD139522-F80A-443B-8BF9-B43374856738}
		{D20B5EE8-D398-4F8D-81EB-BD3ADE961325} = {AD139522-F80A-443B-8BF9-B43374856738}
		{45810106-0A01-40FD-B277-8208B3168599} = {04033F51-7877-46AC-A4AD-B39CECDAE693}
		{CB0AA3EC-BF83-4108-9D4A-D1C30C72BF92} = {04033F51-7877-46AC-A4AD-B39CECDAE693}
		{3267D91D-F338-4CA0-8053-E63DD359B9B2} = {04033F51-7877-46AC-A4AD-B39CECDAE693}
		{C753DC86-06CE-4845-AD12-98709B6469A0} = {04033F51-7877-46AC-A4AD-B39CECDAE693}
		{367A26EE-3F3E-4A5A-A5D6-765BAD34C311} = {04033F51-7877-46AC-A4AD-B39CECDAE693}
		{C3271740-6DF3-41DF-A8DE-40DD5A1460FE} = {04033F51-7877-46AC-A4AD-B39CECDAE693}
		{7B9378E2-962F-479F-B303-4A3C95C7AB5A} = {04033F51-7877-46AC-A4AD-B39CECDAE693}
		{C3D8863C-1BFD-4F63-A366-CD71DA51D82C} = {18BE068D-104F-4714-89F9-EE24BC20219A}
		{A0224B18-ACBE-4FF2-A188-7B129FDDFEAC} = {18BE068D-104F-4714-89F9-EE24BC20219A}
		{2C30A2A6-1611-4F04-B820-A23EA6D3F43A} = {18BE068D-104F-4714-89F9-EE24BC20219A}
		{FB2A226E-2CB0-4500-AA6B-304B23CE56EE} = {16A3C1C5-4B29-492D-9D12-1C374790DFF9}
		{808EA303-18C6-44E5-92DB-1FDDE881352A} = {16A3C1C5-4B29-492D-9D12-1C374790DFF9}
		{CC44742D-A07E-46B3-ABA1-2544F4CDD2D4} = {16A3C1C5-4B29-492D-9D12-1C374790DFF9}
		{10A9D40E-A7EC-4F66-899D-CD6B04E6212C} = {16A3C1C5-4B29-492D-9D12-1C374790DFF9}
		{197552C1-54A0-46FF-A7E9-2576A6C3937D} = {16A3C1C5-4B29-492D-9D12-1C374790DFF9}
		{45DF6BF6-AADC-465E-86A2-6027DD125830} = {16A3C1C5-4B29-492D-9D12-1C374790DFF9}
		{02E86778-4B0D-4D7A-825C-31B2F6651133} = {16A3C1C5-4B29-492D-9D12-1C374790DFF9}
		{20063454-81FA-42EE-A40C-C16DD080989B} = {C167970B-E1D5-4AAE-BA79-981EF0CF28B3}
		{885883EC-0FE8-45A6-9292-2F4E3A380155} = {5E2EB1A9-61A8-4E36-834A-89DAC956653D}
		{29AE0149-4A8B-42B2-8739-8FE130B436C1} = {5E2EB1A9-61A8-4E36-834A-89DAC956653D}
		{F5299627-C9A4-4510-9948-FFE41097DABA} = {5E2EB1A9-61A8-4E36-834A-89DAC956653D}
		{1D410A12-9B08-41C8-9988-E0E08865609A} = {189D341A-180F-4AE6-98DF-1E98F64899E6}
		{CAADB744-D0A9-439B-9E96-0FC8DE97F900} = {189D341A-180F-4AE6-98DF-1E98F64899E6}
		{F362BAB9-2C33-48D5-90EF-B4FC0CFDDEE7} = {942E4FDE-F0F4-4AB8-81AF-5ECFE27ED056}
		{984A1F30-0071-4C3C-86B0-03A9CADFB929} = {EFA634CE-4525-45AF-9321-FD414E5640C6}
		{83E22477-1183-4A59-B1F0-6ACF79AC6ACC} = {668954EA-9DED-4EC7-8C29-266C24FE921D}
		{0FBADA37-309D-45B5-83F7-5CC1654696EE} = {668954EA-9DED-4EC7-8C29-266C24FE921D}
		{E5B6D37B-366C-4566-88E3-224E8688C8B7} = {4EF7CA27-7ADB-4DB4-97FB-445B92B76B79}
		{AF4D08D2-C1CA-405C-95DB-415229DAC645} = {4EF7CA27-7ADB-4DB4-97FB-445B92B76B79}
		{5208EF9C-14C7-4360-AC94-22421A09E565} = {4EF7CA27-7ADB-4DB4-97FB-445B92B76B79}
		{8D6AC964-7DC3-4758-B891-3E7A815B6D07} = {4EF7CA27-7ADB-4DB4-97FB-445B92B76B79}
		{0E8767D2-6E55-4B80-BC4E-8F94EDC42473} = {84B7CEA3-F742-4FF9-94A8-10A42962153A}
		{A4DB1AE5-16B8-4F56-B831-C60E4654FEA1} = {84B7CEA3-F742-4FF9-94A8-10A42962153A}
		{254CFE5C-7544-4655-88CF-8E1CA26FA9B6} = {7FE5B1D6-ABB2-41E3-BAF6-D3D0EAF4C190}
		{53437629-5C51-462D-8ADA-0EF91F96086C} = {7FE5B1D6-ABB2-41E3-BAF6-D3D0EAF4C190}
		{79BEF5C8-07BD-484A-8BEA-20A5C6CF9FDE} = {7FE5B1D6-ABB2-41E3-BAF6-D3D0EAF4C190}
		{456A86F8-B774-42B3-9BA2-EB47E7EDF285} = {96733937-1107-484A-AE5B-6AAA67A455A7}
		{C1634470-BBA2-49B2-A102-E04925911E17} = {96733937-1107-484A-AE5B-6AAA67A455A7}
		{1119B51D-0AA3-40AF-A629-8820985F5659} = {456A86F8-B774-42B3-9BA2-EB47E7EDF285}
		{BBA9F1D7-55FD-4E41-81ED-1A6971919B22} = {456A86F8-B774-42B3-9BA2-EB47E7EDF285}
		{AD139522-F80A-443B-8BF9-B43374856738} = {456A86F8-B774-42B3-9BA2-EB47E7EDF285}
		{04033F51-7877-46AC-A4AD-B39CECDAE693} = {96733937-1107-484A-AE5B-6AAA67A455A7}
		{9A898C97-AE99-4090-8D0D-09F9B693A3F9} = {456A86F8-B774-42B3-9BA2-EB47E7EDF285}
		{18BE068D-104F-4714-89F9-EE24BC20219A} = {C1634470-BBA2-49B2-A102-E04925911E17}
		{4EF7CA27-7ADB-4DB4-97FB-445B92B76B79} = {C1634470-BBA2-49B2-A102-E04925911E17}
		{7FE5B1D6-ABB2-41E3-BAF6-D3D0EAF4C190} = {C1634470-BBA2-49B2-A102-E04925911E17}
		{5E2EB1A9-61A8-4E36-834A-89DAC956653D} = {C1634470-BBA2-49B2-A102-E04925911E17}
		{668954EA-9DED-4EC7-8C29-266C24FE921D} = {C1634470-BBA2-49B2-A102-E04925911E17}
		{84B7CEA3-F742-4FF9-94A8-10A42962153A} = {C1634470-BBA2-49B2-A102-E04925911E17}
		{189D341A-180F-4AE6-98DF-1E98F64899E6} = {C1634470-BBA2-49B2-A102-E04925911E17}
		{EFA634CE-4525-45AF-9321-FD414E5640C6} = {C1634470-BBA2-49B2-A102-E04925911E17}
		{942E4FDE-F0F4-4AB8-81AF-5ECFE27ED056} = {C1634470-BBA2-49B2-A102-E04925911E17}
	EndGlobalSection
	GlobalSection(ExtensibilityGlobals) = postSolution
		SolutionGuid = {418A9E97-631F-4D6C-941B-FC2550387BF6}
	EndGlobalSection
EndGlobal
