Microsoft Visual Studio Solution File, Format Version 12.00
# Visual Studio Version 16
VisualStudioVersion = 16.0.30523.141
MinimumVisualStudioVersion = 10.0.40219.1
Project("{2150E333-8FDC-42A3-9474-1A3956D46DE8}") = "deps", "deps", "{3B7BB840-87A9-43FF-91FF-933044094887}"
EndProject
Project("{2150E333-8FDC-42A3-9474-1A3956D46DE8}") = "src", "src", "{590599A1-E608-4D40-9C42-758109BFE400}"
EndProject
Project("{2150E333-8FDC-42A3-9474-1A3956D46DE8}") = "test", "test", "{17868537-3300-4678-A6AB-F2946861B869}"
EndProject
Project("{9A19103F-16F7-4668-BE54-9A1E7A4F7556}") = "Nuqleon.Linq.Expressions.Serialization", "Nuqleon.Linq.Expressions.Serialization\Nuqleon.Linq.Expressions.Serialization.csproj", "{596FA2A8-A301-42DA-A59B-C67A220984C5}"
EndProject
Project("{9A19103F-16F7-4668-BE54-9A1E7A4F7556}") = "Nuqleon.Serialization", "Nuqleon.Serialization\Nuqleon.Serialization.csproj", "{4CB2B59B-A41A-4AF0-8495-D569DCA1408B}"
EndProject
Project("{9A19103F-16F7-4668-BE54-9A1E7A4F7556}") = "Tests.Nuqleon.Linq.Expressions.Serialization", "Tests.Nuqleon.Linq.Expressions.Serialization\Tests.Nuqleon.Linq.Expressions.Serialization.csproj", "{E19E2852-9A65-4844-8F67-D6B1580F926D}"
EndProject
Project("{9A19103F-16F7-4668-BE54-9A1E7A4F7556}") = "Tests.Nuqleon.Serialization", "Tests.Nuqleon.Serialization\Tests.Nuqleon.Serialization.csproj", "{57A6C29B-5C88-4693-A864-053E2A42CE43}"
EndProject
Project("{9A19103F-16F7-4668-BE54-9A1E7A4F7556}") = "Nuqleon.Memory", "..\Core\BCL\Nuqleon.Memory\Nuqleon.Memory.csproj", "{5F55866F-ADF1-4EB5-AD85-FB071B0E45B4}"
EndProject
Project("{9A19103F-16F7-4668-BE54-9A1E7A4F7556}") = "Nuqleon.Time", "..\Core\BCL\Nuqleon.Time\Nuqleon.Time.csproj", "{AE491EDF-F55A-4037-8088-FF3A5F1DEE08}"
EndProject
Project("{9A19103F-16F7-4668-BE54-9A1E7A4F7556}") = "Nuqleon.Json", "..\Core\JSON\Nuqleon.Json\Nuqleon.Json.csproj", "{5A138BCA-8503-4C5F-AB64-EA25CC1CB400}"
EndProject
Project("{9A19103F-16F7-4668-BE54-9A1E7A4F7556}") = "Nuqleon.Linq.CompilerServices", "..\Core\LINQ\Nuqleon.Linq.CompilerServices\Nuqleon.Linq.CompilerServices.csproj", "{446B76CF-A1E1-456B-A432-D141A127E8E1}"
EndProject
Project("{778DAE3C-4631-46EA-AA77-85C1314464D9}") = "Tests.VisualBasic", "..\Core\LINQ\Tests.VisualBasic\Tests.VisualBasic.vbproj", "{0C9DCFC2-C81C-4E55-B96B-5789FACB20A1}"
EndProject
Project("{2150E333-8FDC-42A3-9474-1A3956D46DE8}") = "JSON", "JSON", "{784068B1-80A0-4BC3-85AE-8F71A74D3285}"
EndProject
Project("{2150E333-8FDC-42A3-9474-1A3956D46DE8}") = "LINQ", "LINQ", "{2E4549DC-FA1C-46AC-9B11-D89E1DFD00BA}"
EndProject
Project("{2150E333-8FDC-42A3-9474-1A3956D46DE8}") = "BCL", "BCL", "{DE67F2C5-F5EA-4904-AD9A-40250C13AA9D}"
EndProject
Global
	GlobalSection(SolutionConfigurationPlatforms) = preSolution
		Debug|Any CPU = Debug|Any CPU
		Release|Any CPU = Release|Any CPU
	EndGlobalSection
	GlobalSection(ProjectConfigurationPlatforms) = postSolution
		{596FA2A8-A301-42DA-A59B-C67A220984C5}.Debug|Any CPU.ActiveCfg = Debug|Any CPU
		{596FA2A8-A301-42DA-A59B-C67A220984C5}.Debug|Any CPU.Build.0 = Debug|Any CPU
		{596FA2A8-A301-42DA-A59B-C67A220984C5}.Release|Any CPU.ActiveCfg = Release|Any CPU
		{596FA2A8-A301-42DA-A59B-C67A220984C5}.Release|Any CPU.Build.0 = Release|Any CPU
		{4CB2B59B-A41A-4AF0-8495-D569DCA1408B}.Debug|Any CPU.ActiveCfg = Debug|Any CPU
		{4CB2B59B-A41A-4AF0-8495-D569DCA1408B}.Debug|Any CPU.Build.0 = Debug|Any CPU
		{4CB2B59B-A41A-4AF0-8495-D569DCA1408B}.Release|Any CPU.ActiveCfg = Release|Any CPU
		{4CB2B59B-A41A-4AF0-8495-D569DCA1408B}.Release|Any CPU.Build.0 = Release|Any CPU
		{E19E2852-9A65-4844-8F67-D6B1580F926D}.Debug|Any CPU.ActiveCfg = Debug|Any CPU
		{E19E2852-9A65-4844-8F67-D6B1580F926D}.Debug|Any CPU.Build.0 = Debug|Any CPU
		{E19E2852-9A65-4844-8F67-D6B1580F926D}.Release|Any CPU.ActiveCfg = Release|Any CPU
		{E19E2852-9A65-4844-8F67-D6B1580F926D}.Release|Any CPU.Build.0 = Release|Any CPU
		{57A6C29B-5C88-4693-A864-053E2A42CE43}.Debug|Any CPU.ActiveCfg = Debug|Any CPU
		{57A6C29B-5C88-4693-A864-053E2A42CE43}.Debug|Any CPU.Build.0 = Debug|Any CPU
		{57A6C29B-5C88-4693-A864-053E2A42CE43}.Release|Any CPU.ActiveCfg = Release|Any CPU
		{57A6C29B-5C88-4693-A864-053E2A42CE43}.Release|Any CPU.Build.0 = Release|Any CPU
		{5F55866F-ADF1-4EB5-AD85-FB071B0E45B4}.Debug|Any CPU.ActiveCfg = Debug|Any CPU
		{5F55866F-ADF1-4EB5-AD85-FB071B0E45B4}.Debug|Any CPU.Build.0 = Debug|Any CPU
		{5F55866F-ADF1-4EB5-AD85-FB071B0E45B4}.Release|Any CPU.ActiveCfg = Release|Any CPU
		{5F55866F-ADF1-4EB5-AD85-FB071B0E45B4}.Release|Any CPU.Build.0 = Release|Any CPU
		{AE491EDF-F55A-4037-8088-FF3A5F1DEE08}.Debug|Any CPU.ActiveCfg = Debug|Any CPU
		{AE491EDF-F55A-4037-8088-FF3A5F1DEE08}.Debug|Any CPU.Build.0 = Debug|Any CPU
		{AE491EDF-F55A-4037-8088-FF3A5F1DEE08}.Release|Any CPU.ActiveCfg = Release|Any CPU
		{AE491EDF-F55A-4037-8088-FF3A5F1DEE08}.Release|Any CPU.Build.0 = Release|Any CPU
		{5A138BCA-8503-4C5F-AB64-EA25CC1CB400}.Debug|Any CPU.ActiveCfg = Debug|Any CPU
		{5A138BCA-8503-4C5F-AB64-EA25CC1CB400}.Debug|Any CPU.Build.0 = Debug|Any CPU
		{5A138BCA-8503-4C5F-AB64-EA25CC1CB400}.Release|Any CPU.ActiveCfg = Release|Any CPU
		{5A138BCA-8503-4C5F-AB64-EA25CC1CB400}.Release|Any CPU.Build.0 = Release|Any CPU
		{446B76CF-A1E1-456B-A432-D141A127E8E1}.Debug|Any CPU.ActiveCfg = Debug|Any CPU
		{446B76CF-A1E1-456B-A432-D141A127E8E1}.Debug|Any CPU.Build.0 = Debug|Any CPU
		{446B76CF-A1E1-456B-A432-D141A127E8E1}.Release|Any CPU.ActiveCfg = Release|Any CPU
		{446B76CF-A1E1-456B-A432-D141A127E8E1}.Release|Any CPU.Build.0 = Release|Any CPU
		{0C9DCFC2-C81C-4E55-B96B-5789FACB20A1}.Debug|Any CPU.ActiveCfg = Debug|Any CPU
		{0C9DCFC2-C81C-4E55-B96B-5789FACB20A1}.Debug|Any CPU.Build.0 = Debug|Any CPU
		{0C9DCFC2-C81C-4E55-B96B-5789FACB20A1}.Release|Any CPU.ActiveCfg = Release|Any CPU
		{0C9DCFC2-C81C-4E55-B96B-5789FACB20A1}.Release|Any CPU.Build.0 = Release|Any CPU
	EndGlobalSection
	GlobalSection(SolutionProperties) = preSolution
		HideSolutionNode = FALSE
	EndGlobalSection
	GlobalSection(NestedProjects) = preSolution
		{596FA2A8-A301-42DA-A59B-C67A220984C5} = {590599A1-E608-4D40-9C42-758109BFE400}
		{4CB2B59B-A41A-4AF0-8495-D569DCA1408B} = {590599A1-E608-4D40-9C42-758109BFE400}
		{E19E2852-9A65-4844-8F67-D6B1580F926D} = {17868537-3300-4678-A6AB-F2946861B869}
		{57A6C29B-5C88-4693-A864-053E2A42CE43} = {17868537-3300-4678-A6AB-F2946861B869}
		{5F55866F-ADF1-4EB5-AD85-FB071B0E45B4} = {DE67F2C5-F5EA-4904-AD9A-40250C13AA9D}
		{AE491EDF-F55A-4037-8088-FF3A5F1DEE08} = {DE67F2C5-F5EA-4904-AD9A-40250C13AA9D}
		{5A138BCA-8503-4C5F-AB64-EA25CC1CB400} = {784068B1-80A0-4BC3-85AE-8F71A74D3285}
		{446B76CF-A1E1-456B-A432-D141A127E8E1} = {2E4549DC-FA1C-46AC-9B11-D89E1DFD00BA}
		{0C9DCFC2-C81C-4E55-B96B-5789FACB20A1} = {2E4549DC-FA1C-46AC-9B11-D89E1DFD00BA}
		{784068B1-80A0-4BC3-85AE-8F71A74D3285} = {3B7BB840-87A9-43FF-91FF-933044094887}
		{2E4549DC-FA1C-46AC-9B11-D89E1DFD00BA} = {3B7BB840-87A9-43FF-91FF-933044094887}
		{DE67F2C5-F5EA-4904-AD9A-40250C13AA9D} = {3B7BB840-87A9-43FF-91FF-933044094887}
	EndGlobalSection
	GlobalSection(ExtensibilityGlobals) = postSolution
		SolutionGuid = {2BBD4E0D-CFFA-4135-A52B-B1EB0804739E}
	EndGlobalSection
EndGlobal
