Microsoft Visual Studio Solution File, Format Version 12.00
# Visual Studio Version 16
VisualStudioVersion = 16.0.30523.141
MinimumVisualStudioVersion = 10.0.40219.1
Project("{2150E333-8FDC-42A3-9474-1A3956D46DE8}") = "deps", "deps", "{8DD9CE57-F859-4F47-B5C7-82A09A77031C}"
EndProject
Project("{2150E333-8FDC-42A3-9474-1A3956D46DE8}") = "src", "src", "{46C7AC4D-750F-4347-AFE2-03DF50269C3C}"
EndProject
Project("{2150E333-8FDC-42A3-9474-1A3956D46DE8}") = "test", "test", "{F1E66CCD-B5C8-415D-BF45-4ABEC5799CC9}"
EndProject
Project("{9A19103F-16F7-4668-BE54-9A1E7A4F7556}") = "Nuqleon.Collections.Specialized", "..\..\Nuqleon\Core\BCL\Nuqleon.Collections.Specialized\Nuqleon.Collections.Specialized.csproj", "{93BD197B-EA9B-42B1-A467-13B19C0DD548}"
EndProject
Project("{9A19103F-16F7-4668-BE54-9A1E7A4F7556}") = "Nuqleon.IO.StreamSegment", "..\..\Nuqleon\Core\BCL\Nuqleon.IO.StreamSegment\Nuqleon.IO.StreamSegment.csproj", "{B26A2E9C-622C-4666-8F84-80723658F515}"
EndProject
Project("{9A19103F-16F7-4668-BE54-9A1E7A4F7556}") = "Nuqleon.Memory", "..\..\Nuqleon\Core\BCL\Nuqleon.Memory\Nuqleon.Memory.csproj", "{88C72FFE-45D2-4B97-8099-8AA192B04B8A}"
EndProject
Project("{9A19103F-16F7-4668-BE54-9A1E7A4F7556}") = "Nuqleon.Reflection.Virtualization", "..\..\Nuqleon\Core\BCL\Nuqleon.Reflection.Virtualization\Nuqleon.Reflection.Virtualization.csproj", "{A4B1E4BE-800B-4D85-8D45-5F4EC5005E47}"
EndProject
Project("{9A19103F-16F7-4668-BE54-9A1E7A4F7556}") = "Nuqleon.Time", "..\..\Nuqleon\Core\BCL\Nuqleon.Time\Nuqleon.Time.csproj", "{617C1DB6-86A9-4238-8363-8F681F3E6496}"
EndProject
Project("{9A19103F-16F7-4668-BE54-9A1E7A4F7556}") = "Nuqleon.DataModel", "..\..\Nuqleon\Core\DataModel\Nuqleon.DataModel\Nuqleon.DataModel.csproj", "{45D3129C-6F99-49F7-9AF3-FE144B131052}"
EndProject
Project("{9A19103F-16F7-4668-BE54-9A1E7A4F7556}") = "Nuqleon.DataModel.Serialization.Json", "..\..\Nuqleon\Core\DataModel\Nuqleon.DataModel.Serialization.Json\Nuqleon.DataModel.Serialization.Json.csproj", "{D05E9B11-FDEA-4C0A-802A-1726C4A0A8B2}"
EndProject
Project("{9A19103F-16F7-4668-BE54-9A1E7A4F7556}") = "Nuqleon.Json", "..\..\Nuqleon\Core\JSON\Nuqleon.Json\Nuqleon.Json.csproj", "{2EC29692-D60C-4A6D-BFC4-A54BE8C9545D}"
EndProject
Project("{9A19103F-16F7-4668-BE54-9A1E7A4F7556}") = "Nuqleon.Json.Interop.Newtonsoft", "..\..\Nuqleon\Core\JSON\Nuqleon.Json.Interop.Newtonsoft\Nuqleon.Json.Interop.Newtonsoft.csproj", "{63B72218-4D4C-4C5C-8777-C802D202F249}"
EndProject
Project("{9A19103F-16F7-4668-BE54-9A1E7A4F7556}") = "Nuqleon.Json.Serialization", "..\..\Nuqleon\Core\JSON\Nuqleon.Json.Serialization\Nuqleon.Json.Serialization.csproj", "{5E2B0422-FE90-4C65-8171-C889259041F1}"
EndProject
Project("{9A19103F-16F7-4668-BE54-9A1E7A4F7556}") = "Nuqleon.Linq.CompilerServices", "..\..\Nuqleon\Core\LINQ\Nuqleon.Linq.CompilerServices\Nuqleon.Linq.CompilerServices.csproj", "{56726AE3-397B-4D5F-B0E2-702EC904DAD2}"
EndProject
Project("{9A19103F-16F7-4668-BE54-9A1E7A4F7556}") = "Nuqleon.Linq.Expressions.Bonsai", "..\..\Nuqleon\Core\LINQ\Nuqleon.Linq.Expressions.Bonsai\Nuqleon.Linq.Expressions.Bonsai.csproj", "{8C1EF71A-33BA-4EDE-824D-5D32CB0ECDD6}"
EndProject
Project("{9A19103F-16F7-4668-BE54-9A1E7A4F7556}") = "Nuqleon.Linq.Expressions.Bonsai.Serialization", "..\..\Nuqleon\Core\LINQ\Nuqleon.Linq.Expressions.Bonsai.Serialization\Nuqleon.Linq.Expressions.Bonsai.Serialization.csproj", "{66A3BC6A-F216-49B4-AC82-164BF3E2C8D1}"
EndProject
Project("{9A19103F-16F7-4668-BE54-9A1E7A4F7556}") = "Reaqtive.Core", "..\..\Reaqtive\Core\Reaqtive.Core\Reaqtive.Core.csproj", "{C7A2127E-E5EA-49F3-80DB-AB3B7B2AB456}"
EndProject
Project("{9A19103F-16F7-4668-BE54-9A1E7A4F7556}") = "Reaqtive.Interfaces", "..\..\Reaqtive\Core\Reaqtive.Interfaces\Reaqtive.Interfaces.csproj", "{5B6032B6-26E2-43CA-990E-8823B4640FE8}"
EndProject
Project("{9A19103F-16F7-4668-BE54-9A1E7A4F7556}") = "Reaqtive.Linq", "..\..\Reaqtive\Core\Reaqtive.Linq\Reaqtive.Linq.csproj", "{9BBE5F0B-0BA8-4A28-AA9E-67D7210BE7E6}"
EndProject
Project("{9A19103F-16F7-4668-BE54-9A1E7A4F7556}") = "Reaqtive.Quotation", "..\..\Reaqtive\Core\Reaqtive.Quotation\Reaqtive.Quotation.csproj", "{46BC9AF7-243B-43F9-89D2-D7FC9ED91AAA}"
EndProject
Project("{9A19103F-16F7-4668-BE54-9A1E7A4F7556}") = "Reaqtive.Scheduler", "..\..\Reaqtive\Core\Reaqtive.Scheduler\Reaqtive.Scheduler.csproj", "{0A228114-57FF-4106-83DB-8A73F530B2E6}"
EndProject
Project("{9A19103F-16F7-4668-BE54-9A1E7A4F7556}") = "Reaqtor.Pearls.CommonSubexpressionElimination", "CSE\Reaqtor.Pearls.CommonSubexpressionElimination.csproj", "{2128B368-F435-46EF-A0C7-BCBF812BAFD1}"
EndProject
Project("{9A19103F-16F7-4668-BE54-9A1E7A4F7556}") = "Reaqtor.Pearls.DelegatingBinder", "DelegatingBinder\Reaqtor.Pearls.DelegatingBinder.csproj", "{D7D56DF4-6804-44C4-B0E2-00B81C6F8603}"
EndProject
Project("{9A19103F-16F7-4668-BE54-9A1E7A4F7556}") = "Reaqtor.Pearls.PartitionedSubject", "PartitionedSubject\Reaqtor.Pearls.PartitionedSubject.csproj", "{5E6A6B1F-9BCD-485B-BF99-809C6ACDCF5E}"
EndProject
Project("{9A19103F-16F7-4668-BE54-9A1E7A4F7556}") = "Reaqtor.Pearls.Reactive.Fusion.Playground", "OperatorFusion\OperatorFusion\Reaqtor.Pearls.Reactive.Fusion.Playground.csproj", "{784CC3A0-DF36-4A87-908A-572B503E4012}"
EndProject
Project("{9A19103F-16F7-4668-BE54-9A1E7A4F7556}") = "Reaqtor.Pearls.Reactive.Fusion", "OperatorFusion\RuntimeLib\Reaqtor.Pearls.Reactive.Fusion.csproj", "{5953E6F4-EAE0-44DF-9B73-E63CA3D416EE}"
EndProject
Project("{9A19103F-16F7-4668-BE54-9A1E7A4F7556}") = "Engine", "OperatorLocalStorage\Engine\Engine.csproj", "{9818F04F-2753-4B51-BFEB-99FDF0A2819D}"
EndProject
Project("{9A19103F-16F7-4668-BE54-9A1E7A4F7556}") = "Reaqtive.Storage", "OperatorLocalStorage\Library\Reaqtive.Storage.csproj", "{83E4E95B-1A80-4DBB-B160-6E5C7C06939A}"
EndProject
Project("{9A19103F-16F7-4668-BE54-9A1E7A4F7556}") = "Reaqtive.Storage.Playground", "OperatorLocalStorage\OperatorLocalStorage\Reaqtive.Storage.Playground.csproj", "{0855B208-612A-4816-9F73-5B5788D2BAE9}"
EndProject
Project("{9A19103F-16F7-4668-BE54-9A1E7A4F7556}") = "Reaqtive.Storage.Operators", "OperatorLocalStorage\Operators\Reaqtive.Storage.Operators.csproj", "{18469A58-C1CF-4E45-A2C9-94EBA2281871}"
EndProject
Project("{9A19103F-16F7-4668-BE54-9A1E7A4F7556}") = "Tests.Reaqtive.Storage", "OperatorLocalStorage\Tests\Tests.Reaqtive.Storage.csproj", "{CCD5487A-67EA-47BF-A3CA-43689F4442BC}"
EndProject
Project("{9A19103F-16F7-4668-BE54-9A1E7A4F7556}") = "Reaqtive.Storage.Utils", "OperatorLocalStorage\Utilities\Reaqtive.Storage.Utils.csproj", "{0FA95A33-15AB-46B2-ABE6-94DDB6B9F908}"
EndProject
Project("{9A19103F-16F7-4668-BE54-9A1E7A4F7556}") = "Reaqtor.Client.Model", "..\Core\Client\Reaqtor.Client.Model\Reaqtor.Client.Model.csproj", "{4EF020DD-2734-49C2-AD72-7663A23CC954}"
EndProject
Project("{9A19103F-16F7-4668-BE54-9A1E7A4F7556}") = "Reaqtor.Engine.Contracts", "..\Core\Engine\Reaqtor.Engine.Contracts\Reaqtor.Engine.Contracts.csproj", "{5BFBB236-3642-4238-8F16-77972D1B75C1}"
EndProject
Project("{9A19103F-16F7-4668-BE54-9A1E7A4F7556}") = "Reaqtor.QueryEngine", "..\Core\Engine\Reaqtor.QueryEngine\Reaqtor.QueryEngine.csproj", "{27F5E770-FBED-4A90-BC0D-B40AA96FFAF1}"
EndProject
Project("{9A19103F-16F7-4668-BE54-9A1E7A4F7556}") = "Reaqtor.QueryEngine.Interfaces", "..\Core\Engine\Reaqtor.QueryEngine.Interfaces\Reaqtor.QueryEngine.Interfaces.csproj", "{97508FB7-69A9-474C-B773-40E05B934980}"
EndProject
Project("{9A19103F-16F7-4668-BE54-9A1E7A4F7556}") = "Reaqtor.QueryEngine.KeyValueStore.InMemory", "..\Core\Engine\Reaqtor.QueryEngine.KeyValueStore.InMemory\Reaqtor.QueryEngine.KeyValueStore.InMemory.csproj", "{8906B5EB-C785-49A8-92EA-D428BDF01730}"
EndProject
Project("{9A19103F-16F7-4668-BE54-9A1E7A4F7556}") = "Reaqtor.QueryEngine.Serialization.DataModel", "..\Core\Engine\Reaqtor.QueryEngine.Serialization.DataModel\Reaqtor.QueryEngine.Serialization.DataModel.csproj", "{9BECB422-CBF4-4FAA-B21B-4B8701D84AEC}"
EndProject
Project("{9A19103F-16F7-4668-BE54-9A1E7A4F7556}") = "Reaqtor.Expressions.Binding", "..\Core\Expressions\Reaqtor.Expressions.Binding\Reaqtor.Expressions.Binding.csproj", "{F074D761-AD84-4300-8C0F-FCF4AE743E89}"
EndProject
Project("{9A19103F-16F7-4668-BE54-9A1E7A4F7556}") = "Reaqtor.Expressions.Core", "..\Core\Expressions\Reaqtor.Expressions.Core\Reaqtor.Expressions.Core.csproj", "{FA49140B-4746-4F0E-A9BA-70462C0D4587}"
EndProject
Project("{9A19103F-16F7-4668-BE54-9A1E7A4F7556}") = "Reaqtor.Expressions.Model", "..\Core\Expressions\Reaqtor.Expressions.Model\Reaqtor.Expressions.Model.csproj", "{0BAA6C35-BBA2-4F4A-9B10-73CC06B1DE17}"
EndProject
Project("{9A19103F-16F7-4668-BE54-9A1E7A4F7556}") = "Reaqtor.Local.Core", "..\Core\Local\Reaqtor.Local.Core\Reaqtor.Local.Core.csproj", "{BC6CFA64-8974-4267-B83A-78C939E96E7B}"
EndProject
Project("{9A19103F-16F7-4668-BE54-9A1E7A4F7556}") = "Reaqtor.Local.Model", "..\Core\Local\Reaqtor.Local.Model\Reaqtor.Local.Model.csproj", "{ECDFF0A5-080F-455F-8C0E-6717C9832C98}"
EndProject
Project("{9A19103F-16F7-4668-BE54-9A1E7A4F7556}") = "Reaqtor.Metadata.Model", "..\Core\Metadata\Reaqtor.Metadata.Model\Reaqtor.Metadata.Model.csproj", "{C30F5675-EEB1-4100-8180-CAA065ABC1F6}"
EndProject
Project("{9A19103F-16F7-4668-BE54-9A1E7A4F7556}") = "Reaqtor.Reactive.HigherOrder", "..\Core\Reactive\Reaqtor.Reactive.HigherOrder\Reaqtor.Reactive.HigherOrder.csproj", "{0BD43A68-98D9-41A8-B7ED-8FD7A367429D}"
EndProject
Project("{9A19103F-16F7-4668-BE54-9A1E7A4F7556}") = "Reaqtor.Reliable", "..\Core\Reliable\Reaqtor.Reliable\Reaqtor.Reliable.csproj", "{AFF87543-15F5-4847-991D-928EB6DEA085}"
EndProject
Project("{9A19103F-16F7-4668-BE54-9A1E7A4F7556}") = "Reaqtor.Reliable.Model", "..\Core\Reliable\Reaqtor.Reliable.Model\Reaqtor.Reliable.Model.csproj", "{50751D85-0E47-4766-9839-7F47784C4587}"
EndProject
Project("{9A19103F-16F7-4668-BE54-9A1E7A4F7556}") = "Reaqtor.Service", "..\Core\Service\Reaqtor.Service\Reaqtor.Service.csproj", "{C152C831-AB57-4B9A-9C1F-287738AC7D84}"
EndProject
Project("{9A19103F-16F7-4668-BE54-9A1E7A4F7556}") = "Reaqtor.Service.Contracts", "..\Core\Service\Reaqtor.Service.Contracts\Reaqtor.Service.Contracts.csproj", "{66620DD4-1F17-4E84-A9C1-E243F7D24709}"
EndProject
Project("{9A19103F-16F7-4668-BE54-9A1E7A4F7556}") = "Reaqtor.Service.Core", "..\Core\Service\Reaqtor.Service.Core\Reaqtor.Service.Core.csproj", "{7FE3318D-AFFF-4A44-BFF8-F713491FE414}"
EndProject
Project("{9A19103F-16F7-4668-BE54-9A1E7A4F7556}") = "Reaqtor.Service.Model", "..\Core\Service\Reaqtor.Service.Model\Reaqtor.Service.Model.csproj", "{798711BB-BFE6-4B61-95D2-3FA1EB12C27F}"
EndProject
Project("{9A19103F-16F7-4668-BE54-9A1E7A4F7556}") = "Reaqtor.Shared.Core", "..\Core\Shared\Reaqtor.Shared.Core\Reaqtor.Shared.Core.csproj", "{9943A256-A186-429B-882E-24281BCFA606}"
EndProject
Project("{9A19103F-16F7-4668-BE54-9A1E7A4F7556}") = "Reaqtor.Shared.Model", "..\Core\Shared\Reaqtor.Shared.Model\Reaqtor.Shared.Model.csproj", "{072B3348-FFEF-4BEC-9DDA-1747D11FC38A}"
EndProject
Project("{2150E333-8FDC-42A3-9474-1A3956D46DE8}") = "CSE", "CSE", "{5AA0FF11-01A2-484C-A7C0-DF4A17E1D0DC}"
EndProject
Project("{2150E333-8FDC-42A3-9474-1A3956D46DE8}") = "DelegatingBinder", "DelegatingBinder", "{1B432FAB-9C52-4B1E-885D-DEB383362A46}"
EndProject
Project("{2150E333-8FDC-42A3-9474-1A3956D46DE8}") = "OperatorLocalStorage", "OperatorLocalStorage", "{5BA9F4AB-E75B-4A07-A083-F5721780C152}"
EndProject
Project("{2150E333-8FDC-42A3-9474-1A3956D46DE8}") = "OperatorFusion", "OperatorFusion", "{BAFF2B50-7EC5-41BA-B092-87DEA1B1383F}"
EndProject
Project("{2150E333-8FDC-42A3-9474-1A3956D46DE8}") = "PartitionedSubject", "PartitionedSubject", "{90C7FFDB-B4DA-46BA-9397-56E8ABE4030C}"
EndProject
Project("{2150E333-8FDC-42A3-9474-1A3956D46DE8}") = "OperatorLocalStorage", "OperatorLocalStorage", "{10C42D18-7FF1-4DBD-8C6C-B45DF55C80B9}"
EndProject
Project("{2150E333-8FDC-42A3-9474-1A3956D46DE8}") = "Nuqleon", "Nuqleon", "{ABB4439A-D60A-4C21-862D-6323CFAFF580}"
EndProject
Project("{2150E333-8FDC-42A3-9474-1A3956D46DE8}") = "Reaqtor", "Reaqtor", "{A226AAFA-7F6E-463E-A392-00445BE35348}"
EndProject
Project("{2150E333-8FDC-42A3-9474-1A3956D46DE8}") = "BCL", "BCL", "{E53214E2-9B1A-4667-8CE7-C55877C80A4F}"
EndProject
Project("{2150E333-8FDC-42A3-9474-1A3956D46DE8}") = "JSON", "JSON", "{124E5A4D-3749-4833-94A5-F36A231D0E3B}"
EndProject
Project("{2150E333-8FDC-42A3-9474-1A3956D46DE8}") = "DataModel", "DataModel", "{080EC08B-428A-415A-B60F-CE85EB143107}"
EndProject
Project("{2150E333-8FDC-42A3-9474-1A3956D46DE8}") = "LINQ", "LINQ", "{9F541FFC-2953-48A6-B0D7-554446E47D96}"
EndProject
Project("{2150E333-8FDC-42A3-9474-1A3956D46DE8}") = "Reaqtive", "Reaqtive", "{7EC5200C-6BDE-4B41-B303-8BF30DC93376}"
EndProject
Project("{2150E333-8FDC-42A3-9474-1A3956D46DE8}") = "Client", "Client", "{2C38C76E-4AF8-4ED0-8889-3B30ADE2C7FC}"
EndProject
Project("{2150E333-8FDC-42A3-9474-1A3956D46DE8}") = "Engine", "Engine", "{A58E10A7-9552-4147-AA69-F9176AA10417}"
EndProject
Project("{2150E333-8FDC-42A3-9474-1A3956D46DE8}") = "Expressions", "Expressions", "{D34A472B-CDBC-4817-9047-B041F0BA424E}"
EndProject
Project("{2150E333-8FDC-42A3-9474-1A3956D46DE8}") = "Local", "Local", "{8D9AC6C2-E9DE-4CA0-99E2-1D81374FED4D}"
EndProject
Project("{2150E333-8FDC-42A3-9474-1A3956D46DE8}") = "Metadata", "Metadata", "{A4FBC266-D937-48DD-B10A-D49A64121F8F}"
EndProject
Project("{2150E333-8FDC-42A3-9474-1A3956D46DE8}") = "Reliable", "Reliable", "{D5597CDB-6383-4CEA-BB6E-0CFBB46EF975}"
EndProject
Project("{2150E333-8FDC-42A3-9474-1A3956D46DE8}") = "Reactive", "Reactive", "{6D64BDA0-4C80-43D3-92C0-7752596CC46F}"
EndProject
Project("{2150E333-8FDC-42A3-9474-1A3956D46DE8}") = "Service", "Service", "{975DCA2B-D225-4F60-BB47-3F2ED7DC1D64}"
EndProject
Project("{2150E333-8FDC-42A3-9474-1A3956D46DE8}") = "Shared", "Shared", "{553495B1-B8C6-493F-BF07-FBE357DBCB40}"
EndProject
Global
	GlobalSection(SolutionConfigurationPlatforms) = preSolution
		Debug|Any CPU = Debug|Any CPU
		Release|Any CPU = Release|Any CPU
	EndGlobalSection
	GlobalSection(ProjectConfigurationPlatforms) = postSolution
		{93BD197B-EA9B-42B1-A467-13B19C0DD548}.Debug|Any CPU.ActiveCfg = Debug|Any CPU
		{93BD197B-EA9B-42B1-A467-13B19C0DD548}.Debug|Any CPU.Build.0 = Debug|Any CPU
		{93BD197B-EA9B-42B1-A467-13B19C0DD548}.Release|Any CPU.ActiveCfg = Release|Any CPU
		{93BD197B-EA9B-42B1-A467-13B19C0DD548}.Release|Any CPU.Build.0 = Release|Any CPU
		{B26A2E9C-622C-4666-8F84-80723658F515}.Debug|Any CPU.ActiveCfg = Debug|Any CPU
		{B26A2E9C-622C-4666-8F84-80723658F515}.Debug|Any CPU.Build.0 = Debug|Any CPU
		{B26A2E9C-622C-4666-8F84-80723658F515}.Release|Any CPU.ActiveCfg = Release|Any CPU
		{B26A2E9C-622C-4666-8F84-80723658F515}.Release|Any CPU.Build.0 = Release|Any CPU
		{88C72FFE-45D2-4B97-8099-8AA192B04B8A}.Debug|Any CPU.ActiveCfg = Debug|Any CPU
		{88C72FFE-45D2-4B97-8099-8AA192B04B8A}.Debug|Any CPU.Build.0 = Debug|Any CPU
		{88C72FFE-45D2-4B97-8099-8AA192B04B8A}.Release|Any CPU.ActiveCfg = Release|Any CPU
		{88C72FFE-45D2-4B97-8099-8AA192B04B8A}.Release|Any CPU.Build.0 = Release|Any CPU
		{A4B1E4BE-800B-4D85-8D45-5F4EC5005E47}.Debug|Any CPU.ActiveCfg = Debug|Any CPU
		{A4B1E4BE-800B-4D85-8D45-5F4EC5005E47}.Debug|Any CPU.Build.0 = Debug|Any CPU
		{A4B1E4BE-800B-4D85-8D45-5F4EC5005E47}.Release|Any CPU.ActiveCfg = Release|Any CPU
		{A4B1E4BE-800B-4D85-8D45-5F4EC5005E47}.Release|Any CPU.Build.0 = Release|Any CPU
		{617C1DB6-86A9-4238-8363-8F681F3E6496}.Debug|Any CPU.ActiveCfg = Debug|Any CPU
		{617C1DB6-86A9-4238-8363-8F681F3E6496}.Debug|Any CPU.Build.0 = Debug|Any CPU
		{617C1DB6-86A9-4238-8363-8F681F3E6496}.Release|Any CPU.ActiveCfg = Release|Any CPU
		{617C1DB6-86A9-4238-8363-8F681F3E6496}.Release|Any CPU.Build.0 = Release|Any CPU
		{45D3129C-6F99-49F7-9AF3-FE144B131052}.Debug|Any CPU.ActiveCfg = Debug|Any CPU
		{45D3129C-6F99-49F7-9AF3-FE144B131052}.Debug|Any CPU.Build.0 = Debug|Any CPU
		{45D3129C-6F99-49F7-9AF3-FE144B131052}.Release|Any CPU.ActiveCfg = Release|Any CPU
		{45D3129C-6F99-49F7-9AF3-FE144B131052}.Release|Any CPU.Build.0 = Release|Any CPU
		{D05E9B11-FDEA-4C0A-802A-1726C4A0A8B2}.Debug|Any CPU.ActiveCfg = Debug|Any CPU
		{D05E9B11-FDEA-4C0A-802A-1726C4A0A8B2}.Debug|Any CPU.Build.0 = Debug|Any CPU
		{D05E9B11-FDEA-4C0A-802A-1726C4A0A8B2}.Release|Any CPU.ActiveCfg = Release|Any CPU
		{D05E9B11-FDEA-4C0A-802A-1726C4A0A8B2}.Release|Any CPU.Build.0 = Release|Any CPU
		{2EC29692-D60C-4A6D-BFC4-A54BE8C9545D}.Debug|Any CPU.ActiveCfg = Debug|Any CPU
		{2EC29692-D60C-4A6D-BFC4-A54BE8C9545D}.Debug|Any CPU.Build.0 = Debug|Any CPU
		{2EC29692-D60C-4A6D-BFC4-A54BE8C9545D}.Release|Any CPU.ActiveCfg = Release|Any CPU
		{2EC29692-D60C-4A6D-BFC4-A54BE8C9545D}.Release|Any CPU.Build.0 = Release|Any CPU
		{63B72218-4D4C-4C5C-8777-C802D202F249}.Debug|Any CPU.ActiveCfg = Debug|Any CPU
		{63B72218-4D4C-4C5C-8777-C802D202F249}.Debug|Any CPU.Build.0 = Debug|Any CPU
		{63B72218-4D4C-4C5C-8777-C802D202F249}.Release|Any CPU.ActiveCfg = Release|Any CPU
		{63B72218-4D4C-4C5C-8777-C802D202F249}.Release|Any CPU.Build.0 = Release|Any CPU
		{5E2B0422-FE90-4C65-8171-C889259041F1}.Debug|Any CPU.ActiveCfg = Debug|Any CPU
		{5E2B0422-FE90-4C65-8171-C889259041F1}.Debug|Any CPU.Build.0 = Debug|Any CPU
		{5E2B0422-FE90-4C65-8171-C889259041F1}.Release|Any CPU.ActiveCfg = Release|Any CPU
		{5E2B0422-FE90-4C65-8171-C889259041F1}.Release|Any CPU.Build.0 = Release|Any CPU
		{56726AE3-397B-4D5F-B0E2-702EC904DAD2}.Debug|Any CPU.ActiveCfg = Debug|Any CPU
		{56726AE3-397B-4D5F-B0E2-702EC904DAD2}.Debug|Any CPU.Build.0 = Debug|Any CPU
		{56726AE3-397B-4D5F-B0E2-702EC904DAD2}.Release|Any CPU.ActiveCfg = Release|Any CPU
		{56726AE3-397B-4D5F-B0E2-702EC904DAD2}.Release|Any CPU.Build.0 = Release|Any CPU
		{8C1EF71A-33BA-4EDE-824D-5D32CB0ECDD6}.Debug|Any CPU.ActiveCfg = Debug|Any CPU
		{8C1EF71A-33BA-4EDE-824D-5D32CB0ECDD6}.Debug|Any CPU.Build.0 = Debug|Any CPU
		{8C1EF71A-33BA-4EDE-824D-5D32CB0ECDD6}.Release|Any CPU.ActiveCfg = Release|Any CPU
		{8C1EF71A-33BA-4EDE-824D-5D32CB0ECDD6}.Release|Any CPU.Build.0 = Release|Any CPU
		{66A3BC6A-F216-49B4-AC82-164BF3E2C8D1}.Debug|Any CPU.ActiveCfg = Debug|Any CPU
		{66A3BC6A-F216-49B4-AC82-164BF3E2C8D1}.Debug|Any CPU.Build.0 = Debug|Any CPU
		{66A3BC6A-F216-49B4-AC82-164BF3E2C8D1}.Release|Any CPU.ActiveCfg = Release|Any CPU
		{66A3BC6A-F216-49B4-AC82-164BF3E2C8D1}.Release|Any CPU.Build.0 = Release|Any CPU
		{C7A2127E-E5EA-49F3-80DB-AB3B7B2AB456}.Debug|Any CPU.ActiveCfg = Debug|Any CPU
		{C7A2127E-E5EA-49F3-80DB-AB3B7B2AB456}.Debug|Any CPU.Build.0 = Debug|Any CPU
		{C7A2127E-E5EA-49F3-80DB-AB3B7B2AB456}.Release|Any CPU.ActiveCfg = Release|Any CPU
		{C7A2127E-E5EA-49F3-80DB-AB3B7B2AB456}.Release|Any CPU.Build.0 = Release|Any CPU
		{5B6032B6-26E2-43CA-990E-8823B4640FE8}.Debug|Any CPU.ActiveCfg = Debug|Any CPU
		{5B6032B6-26E2-43CA-990E-8823B4640FE8}.Debug|Any CPU.Build.0 = Debug|Any CPU
		{5B6032B6-26E2-43CA-990E-8823B4640FE8}.Release|Any CPU.ActiveCfg = Release|Any CPU
		{5B6032B6-26E2-43CA-990E-8823B4640FE8}.Release|Any CPU.Build.0 = Release|Any CPU
		{9BBE5F0B-0BA8-4A28-AA9E-67D7210BE7E6}.Debug|Any CPU.ActiveCfg = Debug|Any CPU
		{9BBE5F0B-0BA8-4A28-AA9E-67D7210BE7E6}.Debug|Any CPU.Build.0 = Debug|Any CPU
		{9BBE5F0B-0BA8-4A28-AA9E-67D7210BE7E6}.Release|Any CPU.ActiveCfg = Release|Any CPU
		{9BBE5F0B-0BA8-4A28-AA9E-67D7210BE7E6}.Release|Any CPU.Build.0 = Release|Any CPU
		{46BC9AF7-243B-43F9-89D2-D7FC9ED91AAA}.Debug|Any CPU.ActiveCfg = Debug|Any CPU
		{46BC9AF7-243B-43F9-89D2-D7FC9ED91AAA}.Debug|Any CPU.Build.0 = Debug|Any CPU
		{46BC9AF7-243B-43F9-89D2-D7FC9ED91AAA}.Release|Any CPU.ActiveCfg = Release|Any CPU
		{46BC9AF7-243B-43F9-89D2-D7FC9ED91AAA}.Release|Any CPU.Build.0 = Release|Any CPU
		{0A228114-57FF-4106-83DB-8A73F530B2E6}.Debug|Any CPU.ActiveCfg = Debug|Any CPU
		{0A228114-57FF-4106-83DB-8A73F530B2E6}.Debug|Any CPU.Build.0 = Debug|Any CPU
		{0A228114-57FF-4106-83DB-8A73F530B2E6}.Release|Any CPU.ActiveCfg = Release|Any CPU
		{0A228114-57FF-4106-83DB-8A73F530B2E6}.Release|Any CPU.Build.0 = Release|Any CPU
		{2128B368-F435-46EF-A0C7-BCBF812BAFD1}.Debug|Any CPU.ActiveCfg = Debug|Any CPU
		{2128B368-F435-46EF-A0C7-BCBF812BAFD1}.Debug|Any CPU.Build.0 = Debug|Any CPU
		{2128B368-F435-46EF-A0C7-BCBF812BAFD1}.Release|Any CPU.ActiveCfg = Release|Any CPU
		{2128B368-F435-46EF-A0C7-BCBF812BAFD1}.Release|Any CPU.Build.0 = Release|Any CPU
		{D7D56DF4-6804-44C4-B0E2-00B81C6F8603}.Debug|Any CPU.ActiveCfg = Debug|Any CPU
		{D7D56DF4-6804-44C4-B0E2-00B81C6F8603}.Debug|Any CPU.Build.0 = Debug|Any CPU
		{D7D56DF4-6804-44C4-B0E2-00B81C6F8603}.Release|Any CPU.ActiveCfg = Release|Any CPU
		{D7D56DF4-6804-44C4-B0E2-00B81C6F8603}.Release|Any CPU.Build.0 = Release|Any CPU
		{5E6A6B1F-9BCD-485B-BF99-809C6ACDCF5E}.Debug|Any CPU.ActiveCfg = Debug|Any CPU
		{5E6A6B1F-9BCD-485B-BF99-809C6ACDCF5E}.Debug|Any CPU.Build.0 = Debug|Any CPU
		{5E6A6B1F-9BCD-485B-BF99-809C6ACDCF5E}.Release|Any CPU.ActiveCfg = Release|Any CPU
		{5E6A6B1F-9BCD-485B-BF99-809C6ACDCF5E}.Release|Any CPU.Build.0 = Release|Any CPU
		{784CC3A0-DF36-4A87-908A-572B503E4012}.Debug|Any CPU.ActiveCfg = Debug|Any CPU
		{784CC3A0-DF36-4A87-908A-572B503E4012}.Debug|Any CPU.Build.0 = Debug|Any CPU
		{784CC3A0-DF36-4A87-908A-572B503E4012}.Release|Any CPU.ActiveCfg = Release|Any CPU
		{784CC3A0-DF36-4A87-908A-572B503E4012}.Release|Any CPU.Build.0 = Release|Any CPU
		{5953E6F4-EAE0-44DF-9B73-E63CA3D416EE}.Debug|Any CPU.ActiveCfg = Debug|Any CPU
		{5953E6F4-EAE0-44DF-9B73-E63CA3D416EE}.Debug|Any CPU.Build.0 = Debug|Any CPU
		{5953E6F4-EAE0-44DF-9B73-E63CA3D416EE}.Release|Any CPU.ActiveCfg = Release|Any CPU
		{5953E6F4-EAE0-44DF-9B73-E63CA3D416EE}.Release|Any CPU.Build.0 = Release|Any CPU
		{9818F04F-2753-4B51-BFEB-99FDF0A2819D}.Debug|Any CPU.ActiveCfg = Debug|Any CPU
		{9818F04F-2753-4B51-BFEB-99FDF0A2819D}.Debug|Any CPU.Build.0 = Debug|Any CPU
		{9818F04F-2753-4B51-BFEB-99FDF0A2819D}.Release|Any CPU.ActiveCfg = Release|Any CPU
		{9818F04F-2753-4B51-BFEB-99FDF0A2819D}.Release|Any CPU.Build.0 = Release|Any CPU
		{83E4E95B-1A80-4DBB-B160-6E5C7C06939A}.Debug|Any CPU.ActiveCfg = Debug|Any CPU
		{83E4E95B-1A80-4DBB-B160-6E5C7C06939A}.Debug|Any CPU.Build.0 = Debug|Any CPU
		{83E4E95B-1A80-4DBB-B160-6E5C7C06939A}.Release|Any CPU.ActiveCfg = Release|Any CPU
		{83E4E95B-1A80-4DBB-B160-6E5C7C06939A}.Release|Any CPU.Build.0 = Release|Any CPU
		{0855B208-612A-4816-9F73-5B5788D2BAE9}.Debug|Any CPU.ActiveCfg = Debug|Any CPU
		{0855B208-612A-4816-9F73-5B5788D2BAE9}.Debug|Any CPU.Build.0 = Debug|Any CPU
		{0855B208-612A-4816-9F73-5B5788D2BAE9}.Release|Any CPU.ActiveCfg = Release|Any CPU
		{0855B208-612A-4816-9F73-5B5788D2BAE9}.Release|Any CPU.Build.0 = Release|Any CPU
		{18469A58-C1CF-4E45-A2C9-94EBA2281871}.Debug|Any CPU.ActiveCfg = Debug|Any CPU
		{18469A58-C1CF-4E45-A2C9-94EBA2281871}.Debug|Any CPU.Build.0 = Debug|Any CPU
		{18469A58-C1CF-4E45-A2C9-94EBA2281871}.Release|Any CPU.ActiveCfg = Release|Any CPU
		{18469A58-C1CF-4E45-A2C9-94EBA2281871}.Release|Any CPU.Build.0 = Release|Any CPU
		{CCD5487A-67EA-47BF-A3CA-43689F4442BC}.Debug|Any CPU.ActiveCfg = Debug|Any CPU
		{CCD5487A-67EA-47BF-A3CA-43689F4442BC}.Debug|Any CPU.Build.0 = Debug|Any CPU
		{CCD5487A-67EA-47BF-A3CA-43689F4442BC}.Release|Any CPU.ActiveCfg = Release|Any CPU
		{CCD5487A-67EA-47BF-A3CA-43689F4442BC}.Release|Any CPU.Build.0 = Release|Any CPU
		{0FA95A33-15AB-46B2-ABE6-94DDB6B9F908}.Debug|Any CPU.ActiveCfg = Debug|Any CPU
		{0FA95A33-15AB-46B2-ABE6-94DDB6B9F908}.Debug|Any CPU.Build.0 = Debug|Any CPU
		{0FA95A33-15AB-46B2-ABE6-94DDB6B9F908}.Release|Any CPU.ActiveCfg = Release|Any CPU
		{0FA95A33-15AB-46B2-ABE6-94DDB6B9F908}.Release|Any CPU.Build.0 = Release|Any CPU
		{4EF020DD-2734-49C2-AD72-7663A23CC954}.Debug|Any CPU.ActiveCfg = Debug|Any CPU
		{4EF020DD-2734-49C2-AD72-7663A23CC954}.Debug|Any CPU.Build.0 = Debug|Any CPU
		{4EF020DD-2734-49C2-AD72-7663A23CC954}.Release|Any CPU.ActiveCfg = Release|Any CPU
		{4EF020DD-2734-49C2-AD72-7663A23CC954}.Release|Any CPU.Build.0 = Release|Any CPU
		{5BFBB236-3642-4238-8F16-77972D1B75C1}.Debug|Any CPU.ActiveCfg = Debug|Any CPU
		{5BFBB236-3642-4238-8F16-77972D1B75C1}.Debug|Any CPU.Build.0 = Debug|Any CPU
		{5BFBB236-3642-4238-8F16-77972D1B75C1}.Release|Any CPU.ActiveCfg = Release|Any CPU
		{5BFBB236-3642-4238-8F16-77972D1B75C1}.Release|Any CPU.Build.0 = Release|Any CPU
		{27F5E770-FBED-4A90-BC0D-B40AA96FFAF1}.Debug|Any CPU.ActiveCfg = Debug|Any CPU
		{27F5E770-FBED-4A90-BC0D-B40AA96FFAF1}.Debug|Any CPU.Build.0 = Debug|Any CPU
		{27F5E770-FBED-4A90-BC0D-B40AA96FFAF1}.Release|Any CPU.ActiveCfg = Release|Any CPU
		{27F5E770-FBED-4A90-BC0D-B40AA96FFAF1}.Release|Any CPU.Build.0 = Release|Any CPU
		{97508FB7-69A9-474C-B773-40E05B934980}.Debug|Any CPU.ActiveCfg = Debug|Any CPU
		{97508FB7-69A9-474C-B773-40E05B934980}.Debug|Any CPU.Build.0 = Debug|Any CPU
		{97508FB7-69A9-474C-B773-40E05B934980}.Release|Any CPU.ActiveCfg = Release|Any CPU
		{97508FB7-69A9-474C-B773-40E05B934980}.Release|Any CPU.Build.0 = Release|Any CPU
		{8906B5EB-C785-49A8-92EA-D428BDF01730}.Debug|Any CPU.ActiveCfg = Debug|Any CPU
		{8906B5EB-C785-49A8-92EA-D428BDF01730}.Debug|Any CPU.Build.0 = Debug|Any CPU
		{8906B5EB-C785-49A8-92EA-D428BDF01730}.Release|Any CPU.ActiveCfg = Release|Any CPU
		{8906B5EB-C785-49A8-92EA-D428BDF01730}.Release|Any CPU.Build.0 = Release|Any CPU
		{9BECB422-CBF4-4FAA-B21B-4B8701D84AEC}.Debug|Any CPU.ActiveCfg = Debug|Any CPU
		{9BECB422-CBF4-4FAA-B21B-4B8701D84AEC}.Debug|Any CPU.Build.0 = Debug|Any CPU
		{9BECB422-CBF4-4FAA-B21B-4B8701D84AEC}.Release|Any CPU.ActiveCfg = Release|Any CPU
		{9BECB422-CBF4-4FAA-B21B-4B8701D84AEC}.Release|Any CPU.Build.0 = Release|Any CPU
		{F074D761-AD84-4300-8C0F-FCF4AE743E89}.Debug|Any CPU.ActiveCfg = Debug|Any CPU
		{F074D761-AD84-4300-8C0F-FCF4AE743E89}.Debug|Any CPU.Build.0 = Debug|Any CPU
		{F074D761-AD84-4300-8C0F-FCF4AE743E89}.Release|Any CPU.ActiveCfg = Release|Any CPU
		{F074D761-AD84-4300-8C0F-FCF4AE743E89}.Release|Any CPU.Build.0 = Release|Any CPU
		{FA49140B-4746-4F0E-A9BA-70462C0D4587}.Debug|Any CPU.ActiveCfg = Debug|Any CPU
		{FA49140B-4746-4F0E-A9BA-70462C0D4587}.Debug|Any CPU.Build.0 = Debug|Any CPU
		{FA49140B-4746-4F0E-A9BA-70462C0D4587}.Release|Any CPU.ActiveCfg = Release|Any CPU
		{FA49140B-4746-4F0E-A9BA-70462C0D4587}.Release|Any CPU.Build.0 = Release|Any CPU
		{0BAA6C35-BBA2-4F4A-9B10-73CC06B1DE17}.Debug|Any CPU.ActiveCfg = Debug|Any CPU
		{0BAA6C35-BBA2-4F4A-9B10-73CC06B1DE17}.Debug|Any CPU.Build.0 = Debug|Any CPU
		{0BAA6C35-BBA2-4F4A-9B10-73CC06B1DE17}.Release|Any CPU.ActiveCfg = Release|Any CPU
		{0BAA6C35-BBA2-4F4A-9B10-73CC06B1DE17}.Release|Any CPU.Build.0 = Release|Any CPU
		{BC6CFA64-8974-4267-B83A-78C939E96E7B}.Debug|Any CPU.ActiveCfg = Debug|Any CPU
		{BC6CFA64-8974-4267-B83A-78C939E96E7B}.Debug|Any CPU.Build.0 = Debug|Any CPU
		{BC6CFA64-8974-4267-B83A-78C939E96E7B}.Release|Any CPU.ActiveCfg = Release|Any CPU
		{BC6CFA64-8974-4267-B83A-78C939E96E7B}.Release|Any CPU.Build.0 = Release|Any CPU
		{ECDFF0A5-080F-455F-8C0E-6717C9832C98}.Debug|Any CPU.ActiveCfg = Debug|Any CPU
		{ECDFF0A5-080F-455F-8C0E-6717C9832C98}.Debug|Any CPU.Build.0 = Debug|Any CPU
		{ECDFF0A5-080F-455F-8C0E-6717C9832C98}.Release|Any CPU.ActiveCfg = Release|Any CPU
		{ECDFF0A5-080F-455F-8C0E-6717C9832C98}.Release|Any CPU.Build.0 = Release|Any CPU
		{C30F5675-EEB1-4100-8180-CAA065ABC1F6}.Debug|Any CPU.ActiveCfg = Debug|Any CPU
		{C30F5675-EEB1-4100-8180-CAA065ABC1F6}.Debug|Any CPU.Build.0 = Debug|Any CPU
		{C30F5675-EEB1-4100-8180-CAA065ABC1F6}.Release|Any CPU.ActiveCfg = Release|Any CPU
		{C30F5675-EEB1-4100-8180-CAA065ABC1F6}.Release|Any CPU.Build.0 = Release|Any CPU
		{0BD43A68-98D9-41A8-B7ED-8FD7A367429D}.Debug|Any CPU.ActiveCfg = Debug|Any CPU
		{0BD43A68-98D9-41A8-B7ED-8FD7A367429D}.Debug|Any CPU.Build.0 = Debug|Any CPU
		{0BD43A68-98D9-41A8-B7ED-8FD7A367429D}.Release|Any CPU.ActiveCfg = Release|Any CPU
		{0BD43A68-98D9-41A8-B7ED-8FD7A367429D}.Release|Any CPU.Build.0 = Release|Any CPU
		{AFF87543-15F5-4847-991D-928EB6DEA085}.Debug|Any CPU.ActiveCfg = Debug|Any CPU
		{AFF87543-15F5-4847-991D-928EB6DEA085}.Debug|Any CPU.Build.0 = Debug|Any CPU
		{AFF87543-15F5-4847-991D-928EB6DEA085}.Release|Any CPU.ActiveCfg = Release|Any CPU
		{AFF87543-15F5-4847-991D-928EB6DEA085}.Release|Any CPU.Build.0 = Release|Any CPU
		{50751D85-0E47-4766-9839-7F47784C4587}.Debug|Any CPU.ActiveCfg = Debug|Any CPU
		{50751D85-0E47-4766-9839-7F47784C4587}.Debug|Any CPU.Build.0 = Debug|Any CPU
		{50751D85-0E47-4766-9839-7F47784C4587}.Release|Any CPU.ActiveCfg = Release|Any CPU
		{50751D85-0E47-4766-9839-7F47784C4587}.Release|Any CPU.Build.0 = Release|Any CPU
		{C152C831-AB57-4B9A-9C1F-287738AC7D84}.Debug|Any CPU.ActiveCfg = Debug|Any CPU
		{C152C831-AB57-4B9A-9C1F-287738AC7D84}.Debug|Any CPU.Build.0 = Debug|Any CPU
		{C152C831-AB57-4B9A-9C1F-287738AC7D84}.Release|Any CPU.ActiveCfg = Release|Any CPU
		{C152C831-AB57-4B9A-9C1F-287738AC7D84}.Release|Any CPU.Build.0 = Release|Any CPU
		{66620DD4-1F17-4E84-A9C1-E243F7D24709}.Debug|Any CPU.ActiveCfg = Debug|Any CPU
		{66620DD4-1F17-4E84-A9C1-E243F7D24709}.Debug|Any CPU.Build.0 = Debug|Any CPU
		{66620DD4-1F17-4E84-A9C1-E243F7D24709}.Release|Any CPU.ActiveCfg = Release|Any CPU
		{66620DD4-1F17-4E84-A9C1-E243F7D24709}.Release|Any CPU.Build.0 = Release|Any CPU
		{7FE3318D-AFFF-4A44-BFF8-F713491FE414}.Debug|Any CPU.ActiveCfg = Debug|Any CPU
		{7FE3318D-AFFF-4A44-BFF8-F713491FE414}.Debug|Any CPU.Build.0 = Debug|Any CPU
		{7FE3318D-AFFF-4A44-BFF8-F713491FE414}.Release|Any CPU.ActiveCfg = Release|Any CPU
		{7FE3318D-AFFF-4A44-BFF8-F713491FE414}.Release|Any CPU.Build.0 = Release|Any CPU
		{798711BB-BFE6-4B61-95D2-3FA1EB12C27F}.Debug|Any CPU.ActiveCfg = Debug|Any CPU
		{798711BB-BFE6-4B61-95D2-3FA1EB12C27F}.Debug|Any CPU.Build.0 = Debug|Any CPU
		{798711BB-BFE6-4B61-95D2-3FA1EB12C27F}.Release|Any CPU.ActiveCfg = Release|Any CPU
		{798711BB-BFE6-4B61-95D2-3FA1EB12C27F}.Release|Any CPU.Build.0 = Release|Any CPU
		{9943A256-A186-429B-882E-24281BCFA606}.Debug|Any CPU.ActiveCfg = Debug|Any CPU
		{9943A256-A186-429B-882E-24281BCFA606}.Debug|Any CPU.Build.0 = Debug|Any CPU
		{9943A256-A186-429B-882E-24281BCFA606}.Release|Any CPU.ActiveCfg = Release|Any CPU
		{9943A256-A186-429B-882E-24281BCFA606}.Release|Any CPU.Build.0 = Release|Any CPU
		{072B3348-FFEF-4BEC-9DDA-1747D11FC38A}.Debug|Any CPU.ActiveCfg = Debug|Any CPU
		{072B3348-FFEF-4BEC-9DDA-1747D11FC38A}.Debug|Any CPU.Build.0 = Debug|Any CPU
		{072B3348-FFEF-4BEC-9DDA-1747D11FC38A}.Release|Any CPU.ActiveCfg = Release|Any CPU
		{072B3348-FFEF-4BEC-9DDA-1747D11FC38A}.Release|Any CPU.Build.0 = Release|Any CPU
	EndGlobalSection
	GlobalSection(SolutionProperties) = preSolution
		HideSolutionNode = FALSE
	EndGlobalSection
	GlobalSection(NestedProjects) = preSolution
		{93BD197B-EA9B-42B1-A467-13B19C0DD548} = {E53214E2-9B1A-4667-8CE7-C55877C80A4F}
		{B26A2E9C-622C-4666-8F84-80723658F515} = {E53214E2-9B1A-4667-8CE7-C55877C80A4F}
		{88C72FFE-45D2-4B97-8099-8AA192B04B8A} = {E53214E2-9B1A-4667-8CE7-C55877C80A4F}
		{A4B1E4BE-800B-4D85-8D45-5F4EC5005E47} = {E53214E2-9B1A-4667-8CE7-C55877C80A4F}
		{617C1DB6-86A9-4238-8363-8F681F3E6496} = {E53214E2-9B1A-4667-8CE7-C55877C80A4F}
		{45D3129C-6F99-49F7-9AF3-FE144B131052} = {080EC08B-428A-415A-B60F-CE85EB143107}
		{D05E9B11-FDEA-4C0A-802A-1726C4A0A8B2} = {080EC08B-428A-415A-B60F-CE85EB143107}
		{2EC29692-D60C-4A6D-BFC4-A54BE8C9545D} = {124E5A4D-3749-4833-94A5-F36A231D0E3B}
		{63B72218-4D4C-4C5C-8777-C802D202F249} = {124E5A4D-3749-4833-94A5-F36A231D0E3B}
		{5E2B0422-FE90-4C65-8171-C889259041F1} = {124E5A4D-3749-4833-94A5-F36A231D0E3B}
		{56726AE3-397B-4D5F-B0E2-702EC904DAD2} = {9F541FFC-2953-48A6-B0D7-554446E47D96}
		{8C1EF71A-33BA-4EDE-824D-5D32CB0ECDD6} = {9F541FFC-2953-48A6-B0D7-554446E47D96}
		{66A3BC6A-F216-49B4-AC82-164BF3E2C8D1} = {9F541FFC-2953-48A6-B0D7-554446E47D96}
		{C7A2127E-E5EA-49F3-80DB-AB3B7B2AB456} = {7EC5200C-6BDE-4B41-B303-8BF30DC93376}
		{5B6032B6-26E2-43CA-990E-8823B4640FE8} = {7EC5200C-6BDE-4B41-B303-8BF30DC93376}
		{9BBE5F0B-0BA8-4A28-AA9E-67D7210BE7E6} = {7EC5200C-6BDE-4B41-B303-8BF30DC93376}
		{46BC9AF7-243B-43F9-89D2-D7FC9ED91AAA} = {7EC5200C-6BDE-4B41-B303-8BF30DC93376}
		{0A228114-57FF-4106-83DB-8A73F530B2E6} = {7EC5200C-6BDE-4B41-B303-8BF30DC93376}
		{2128B368-F435-46EF-A0C7-BCBF812BAFD1} = {5AA0FF11-01A2-484C-A7C0-DF4A17E1D0DC}
		{D7D56DF4-6804-44C4-B0E2-00B81C6F8603} = {1B432FAB-9C52-4B1E-885D-DEB383362A46}
		{5E6A6B1F-9BCD-485B-BF99-809C6ACDCF5E} = {90C7FFDB-B4DA-46BA-9397-56E8ABE4030C}
		{784CC3A0-DF36-4A87-908A-572B503E4012} = {BAFF2B50-7EC5-41BA-B092-87DEA1B1383F}
		{5953E6F4-EAE0-44DF-9B73-E63CA3D416EE} = {BAFF2B50-7EC5-41BA-B092-87DEA1B1383F}
		{9818F04F-2753-4B51-BFEB-99FDF0A2819D} = {5BA9F4AB-E75B-4A07-A083-F5721780C152}
		{83E4E95B-1A80-4DBB-B160-6E5C7C06939A} = {5BA9F4AB-E75B-4A07-A083-F5721780C152}
		{0855B208-612A-4816-9F73-5B5788D2BAE9} = {5BA9F4AB-E75B-4A07-A083-F5721780C152}
		{18469A58-C1CF-4E45-A2C9-94EBA2281871} = {5BA9F4AB-E75B-4A07-A083-F5721780C152}
		{CCD5487A-67EA-47BF-A3CA-43689F4442BC} = {10C42D18-7FF1-4DBD-8C6C-B45DF55C80B9}
		{0FA95A33-15AB-46B2-ABE6-94DDB6B9F908} = {5BA9F4AB-E75B-4A07-A083-F5721780C152}
		{4EF020DD-2734-49C2-AD72-7663A23CC954} = {2C38C76E-4AF8-4ED0-8889-3B30ADE2C7FC}
		{5BFBB236-3642-4238-8F16-77972D1B75C1} = {A58E10A7-9552-4147-AA69-F9176AA10417}
		{27F5E770-FBED-4A90-BC0D-B40AA96FFAF1} = {A58E10A7-9552-4147-AA69-F9176AA10417}
		{97508FB7-69A9-474C-B773-40E05B934980} = {A58E10A7-9552-4147-AA69-F9176AA10417}
		{8906B5EB-C785-49A8-92EA-D428BDF01730} = {A58E10A7-9552-4147-AA69-F9176AA10417}
		{9BECB422-CBF4-4FAA-B21B-4B8701D84AEC} = {A58E10A7-9552-4147-AA69-F9176AA10417}
		{F074D761-AD84-4300-8C0F-FCF4AE743E89} = {D34A472B-CDBC-4817-9047-B041F0BA424E}
		{FA49140B-4746-4F0E-A9BA-70462C0D4587} = {D34A472B-CDBC-4817-9047-B041F0BA424E}
		{0BAA6C35-BBA2-4F4A-9B10-73CC06B1DE17} = {D34A472B-CDBC-4817-9047-B041F0BA424E}
		{BC6CFA64-8974-4267-B83A-78C939E96E7B} = {8D9AC6C2-E9DE-4CA0-99E2-1D81374FED4D}
		{ECDFF0A5-080F-455F-8C0E-6717C9832C98} = {8D9AC6C2-E9DE-4CA0-99E2-1D81374FED4D}
		{C30F5675-EEB1-4100-8180-CAA065ABC1F6} = {A4FBC266-D937-48DD-B10A-D49A64121F8F}
		{0BD43A68-98D9-41A8-B7ED-8FD7A367429D} = {6D64BDA0-4C80-43D3-92C0-7752596CC46F}
		{AFF87543-15F5-4847-991D-928EB6DEA085} = {D5597CDB-6383-4CEA-BB6E-0CFBB46EF975}
		{50751D85-0E47-4766-9839-7F47784C4587} = {D5597CDB-6383-4CEA-BB6E-0CFBB46EF975}
		{C152C831-AB57-4B9A-9C1F-287738AC7D84} = {975DCA2B-D225-4F60-BB47-3F2ED7DC1D64}
		{66620DD4-1F17-4E84-A9C1-E243F7D24709} = {975DCA2B-D225-4F60-BB47-3F2ED7DC1D64}
		{7FE3318D-AFFF-4A44-BFF8-F713491FE414} = {975DCA2B-D225-4F60-BB47-3F2ED7DC1D64}
		{798711BB-BFE6-4B61-95D2-3FA1EB12C27F} = {975DCA2B-D225-4F60-BB47-3F2ED7DC1D64}
		{9943A256-A186-429B-882E-24281BCFA606} = {553495B1-B8C6-493F-BF07-FBE357DBCB40}
		{072B3348-FFEF-4BEC-9DDA-1747D11FC38A} = {553495B1-B8C6-493F-BF07-FBE357DBCB40}
		{5AA0FF11-01A2-484C-A7C0-DF4A17E1D0DC} = {46C7AC4D-750F-4347-AFE2-03DF50269C3C}
		{1B432FAB-9C52-4B1E-885D-DEB383362A46} = {46C7AC4D-750F-4347-AFE2-03DF50269C3C}
		{5BA9F4AB-E75B-4A07-A083-F5721780C152} = {46C7AC4D-750F-4347-AFE2-03DF50269C3C}
		{BAFF2B50-7EC5-41BA-B092-87DEA1B1383F} = {46C7AC4D-750F-4347-AFE2-03DF50269C3C}
		{90C7FFDB-B4DA-46BA-9397-56E8ABE4030C} = {46C7AC4D-750F-4347-AFE2-03DF50269C3C}
		{10C42D18-7FF1-4DBD-8C6C-B45DF55C80B9} = {F1E66CCD-B5C8-415D-BF45-4ABEC5799CC9}
		{ABB4439A-D60A-4C21-862D-6323CFAFF580} = {8DD9CE57-F859-4F47-B5C7-82A09A77031C}
		{A226AAFA-7F6E-463E-A392-00445BE35348} = {8DD9CE57-F859-4F47-B5C7-82A09A77031C}
		{E53214E2-9B1A-4667-8CE7-C55877C80A4F} = {ABB4439A-D60A-4C21-862D-6323CFAFF580}
		{124E5A4D-3749-4833-94A5-F36A231D0E3B} = {ABB4439A-D60A-4C21-862D-6323CFAFF580}
		{080EC08B-428A-415A-B60F-CE85EB143107} = {ABB4439A-D60A-4C21-862D-6323CFAFF580}
		{9F541FFC-2953-48A6-B0D7-554446E47D96} = {ABB4439A-D60A-4C21-862D-6323CFAFF580}
		{7EC5200C-6BDE-4B41-B303-8BF30DC93376} = {8DD9CE57-F859-4F47-B5C7-82A09A77031C}
		{2C38C76E-4AF8-4ED0-8889-3B30ADE2C7FC} = {A226AAFA-7F6E-463E-A392-00445BE35348}
		{A58E10A7-9552-4147-AA69-F9176AA10417} = {A226AAFA-7F6E-463E-A392-00445BE35348}
		{D34A472B-CDBC-4817-9047-B041F0BA424E} = {A226AAFA-7F6E-463E-A392-00445BE35348}
		{8D9AC6C2-E9DE-4CA0-99E2-1D81374FED4D} = {A226AAFA-7F6E-463E-A392-00445BE35348}
		{A4FBC266-D937-48DD-B10A-D49A64121F8F} = {A226AAFA-7F6E-463E-A392-00445BE35348}
		{D5597CDB-6383-4CEA-BB6E-0CFBB46EF975} = {A226AAFA-7F6E-463E-A392-00445BE35348}
		{6D64BDA0-4C80-43D3-92C0-7752596CC46F} = {A226AAFA-7F6E-463E-A392-00445BE35348}
		{975DCA2B-D225-4F60-BB47-3F2ED7DC1D64} = {A226AAFA-7F6E-463E-A392-00445BE35348}
		{553495B1-B8C6-493F-BF07-FBE357DBCB40} = {A226AAFA-7F6E-463E-A392-00445BE35348}
	EndGlobalSection
	GlobalSection(ExtensibilityGlobals) = postSolution
		SolutionGuid = {9F19C976-D5C2-4645-B126-DDB0384D7507}
	EndGlobalSection
EndGlobal
